
Microsoft Visual Studio Solution File, Format Version 12.00
# Visual Studio Version 17
VisualStudioVersion = 17.2.32602.215
MinimumVisualStudioVersion = 10.0.40219.1
Project("{2150E333-8FDC-42A3-9474-1A3956D46DE8}") = "Samples", "Samples", "{99A67D12-BBD8-44C4-AC9E-405A928BBB58}"
EndProject
Project("{2150E333-8FDC-42A3-9474-1A3956D46DE8}") = "Code Policies", "Code Policies", "{95191625-ED33-4620-A1F0-EBAA85C2E641}"
	ProjectSection(SolutionItems) = preProject
		ClassLibraryExtended.ruleset = ClassLibraryExtended.ruleset
		ClassLibraryStandard.R#Settings = ClassLibraryStandard.R#Settings
		..\CommonStandard.R#Settings = ..\CommonStandard.R#Settings
		CustomDictionary.xml = CustomDictionary.xml
	EndProjectSection
EndProject
Project("{2150E333-8FDC-42A3-9474-1A3956D46DE8}") = "Tools", "Tools", "{9B858D9A-6C31-4721-A182-47B88D612B2F}"
EndProject
Project("{2150E333-8FDC-42A3-9474-1A3956D46DE8}") = "Subdomains", "Subdomains", "{DA25A4E8-2E77-41DA-89D2-1364D763296E}"
EndProject
Project("{2150E333-8FDC-42A3-9474-1A3956D46DE8}") = "Solution Items", "Solution Items", "{65976508-EA29-4107-BFE6-4D53B2806C86}"
	ProjectSection(SolutionItems) = preProject
		Performance1.psess = Performance1.psess
	EndProjectSection
EndProject
Project("{2150E333-8FDC-42A3-9474-1A3956D46DE8}") = "POCs", "POCs", "{BDC9356D-2A10-45A7-B6C5-B97B0D2139D7}"
EndProject
Project("{2150E333-8FDC-42A3-9474-1A3956D46DE8}") = "CryptoLicensing", "CryptoLicensing", "{7F8856AF-4B5C-4D36-AFD2-C4B76B79F6C8}"
EndProject
Project("{2150E333-8FDC-42A3-9474-1A3956D46DE8}") = "Codeplex", "Codeplex", "{814EDF0A-5CA4-43AB-AC9D-E54F9B2347D1}"
EndProject
Project("{FAE04EC0-301F-11D3-BF4B-00C04F79EFBC}") = "ModelExample", "ModelExample\ModelExample.csproj", "{084880DD-94A5-48EC-A5B8-64C79562AFEE}"
EndProject
Project("{FAE04EC0-301F-11D3-BF4B-00C04F79EFBC}") = "Utilities", "Utilities\Utilities.csproj", "{C1C01693-B9CE-4B85-BCBE-77073C59BBF4}"
EndProject
Project("{FAE04EC0-301F-11D3-BF4B-00C04F79EFBC}") = "AdomdExtensions", "AdomdExtensions\AdomdExtensions.csproj", "{7DEC1D69-172D-46CE-9FC4-17402EAC6C56}"
EndProject
Project("{FAE04EC0-301F-11D3-BF4B-00C04F79EFBC}") = "SsasEntityFrameworkProvider", "SsasEntityFrameworkProvider\SsasEntityFrameworkProvider.csproj", "{ED4A96FC-6875-4943-B031-157B646EB837}"
EndProject
Project("{FAE04EC0-301F-11D3-BF4B-00C04F79EFBC}") = "AdomdExtensions.AcceptanceTests", "AdomdExtensions.AcceptanceTests\AdomdExtensions.AcceptanceTests.csproj", "{0B6D6CC6-D614-4ADD-9D7E-3A3AE0031D8F}"
EndProject
Project("{FAE04EC0-301F-11D3-BF4B-00C04F79EFBC}") = "SsasEntityFrameworkProvider.AcceptanceTests", "SsasEntityFrameworkProvider.AcceptanceTests\SsasEntityFrameworkProvider.AcceptanceTests.csproj", "{F636F6C2-9A4A-43C8-9BD8-4E8858E0D8F0}"
EndProject
Project("{FAE04EC0-301F-11D3-BF4B-00C04F79EFBC}") = "SsasEntityFrameworkProvider.UnitTests", "SsasEntityFrameworkProvider.UnitTests\SsasEntityFrameworkProvider.UnitTests.csproj", "{6F54A058-7535-4E4F-85BC-0B942BEA07E5}"
EndProject
Project("{FAE04EC0-301F-11D3-BF4B-00C04F79EFBC}") = "InitTestData", "InitTestData\InitTestData.csproj", "{C2765A4C-8535-488C-A494-63DE3553EB63}"
EndProject
Project("{FAE04EC0-301F-11D3-BF4B-00C04F79EFBC}") = "NorthwindEFModelCodeFirst", "NorthwindEFModel\NorthwindEFModelCodeFirst.csproj", "{BA5C16AD-DBBC-491E-AD2C-0BE3D5BC30CC}"
EndProject
Project("{FAE04EC0-301F-11D3-BF4B-00C04F79EFBC}") = "NorthwindEFModel", "3rdParty\Source\EFSampleMsSqServerlProvider\EFSampleProvider\NorthwindEFModel\NorthwindEFModel.csproj", "{59F48ED5-9591-45A2-B2D6-EC461985CE85}"
EndProject
Project("{FAE04EC0-301F-11D3-BF4B-00C04F79EFBC}") = "ExtendedProvider", "3rdParty\Source\EFSampleMsSqServerlProvider\EFSampleProvider\Example.ExtendedProvider\ExtendedProvider.csproj", "{42939E33-FC72-459C-9403-B62AB074635E}"
EndProject
Project("{FAE04EC0-301F-11D3-BF4B-00C04F79EFBC}") = "ConsoleTests", "3rdParty\Source\EFSampleMsSqServerlProvider\EFSampleProvider\ConsoleTests\ConsoleTests.csproj", "{B28EFE57-32BF-4E40-8808-3CCE4E9DF888}"
EndProject
Project("{FAE04EC0-301F-11D3-BF4B-00C04F79EFBC}") = "FunctionStubGenerator", "3rdParty\Source\EFSampleMsSqServerlProvider\EFSampleProvider\FunctionStubGenerator\FunctionStubGenerator.csproj", "{AC400458-A998-4D85-8C2B-5F1194CFDB8A}"
EndProject
Project("{FAE04EC0-301F-11D3-BF4B-00C04F79EFBC}") = "SqlEntityFrameworkProvider.AcceptanceTests", "SqlEntityFrameworkProvider.AcceptanceTests\SqlEntityFrameworkProvider.AcceptanceTests.csproj", "{40B1AFB4-3020-4317-9E17-1D76B07E106E}"
EndProject
Project("{FAE04EC0-301F-11D3-BF4B-00C04F79EFBC}") = "SqlEntityFrameworkProvider", "SqlEntityFrameworkProvider\SqlEntityFrameworkProvider.csproj", "{EBA0B8A0-6C00-44C2-A8F0-394069B9486B}"
EndProject
Project("{00D1A9C2-B5F0-4AF3-8072-F6C62B433612}") = "NorthwindEFDatabase", "NorthwindEFDatabase\NorthwindEFDatabase.dbproj", "{67CBC824-A49E-4E9B-A947-360F3DFE65C3}"
EndProject
Project("{FAE04EC0-301F-11D3-BF4B-00C04F79EFBC}") = "EdmMetadataHelpers", "3rdParty\Source\EdmMetadataSamples\CSharp\EdmMetadataHelpers\EdmMetadataHelpers.csproj", "{08B3CC54-2DD7-4F12-BD82-33C81E7581AC}"
EndProject
Project("{FAE04EC0-301F-11D3-BF4B-00C04F79EFBC}") = "ProfilingTestRunner", "ProfilingTestRunner\ProfilingTestRunner.csproj", "{87074EFD-4DB4-4D00-9EEA-02D13D97732C}"
EndProject
Project("{FAE04EC0-301F-11D3-BF4B-00C04F79EFBC}") = "ControlComponentLicensing", "3rdParty\Source\CryptoLicensing\Samples\C#\ControlComponentLicensing\ControlComponentLicensing.csproj", "{CB5F9A00-0006-4EE5-BECE-454022A692E2}"
EndProject
Project("{FAE04EC0-301F-11D3-BF4B-00C04F79EFBC}") = "AppLicensing", "3rdParty\Source\CryptoLicensing\Samples\C#\AppLicensing\AppLicensing\AppLicensing.csproj", "{D4B9A58F-F9DA-498D-8423-D00FAE4E1567}"
EndProject
Project("{FAE04EC0-301F-11D3-BF4B-00C04F79EFBC}") = "UsageExample", "UsageExample\UsageExample.csproj", "{DD2CBC60-D92D-456D-9275-2992BD1091CE}"
EndProject
Project("{54435603-DBB4-11D2-8724-00A0C9A8B90C}") = "SsasEntityFrameworkProviderSetup", "SsasEntityFrameworkProviderSetup\SsasEntityFrameworkProviderSetup.vdproj", "{92D48572-D2E5-42B1-AA75-AA91AA82403A}"
EndProject
Project("{FAE04EC0-301F-11D3-BF4B-00C04F79EFBC}") = "SdxWalkthrough", "SdxWalkthrough\SdxWalkthrough.csproj", "{68923ED6-4FF7-46B2-AF3C-2FB8A248C88E}"
EndProject
Project("{FAE04EC0-301F-11D3-BF4B-00C04F79EFBC}") = "UsageExampleCustomAction", "UsageExampleCustomAction\UsageExampleCustomAction.csproj", "{488A8425-1994-4438-AED3-0C30C0FB1EA8}"
EndProject
Project("{FAE04EC0-301F-11D3-BF4B-00C04F79EFBC}") = "SsasEntityFrameworkProvider.Attributes", "SsasEntityFrameworkProvider.Attributes\SsasEntityFrameworkProvider.Attributes.csproj", "{8B44C189-86C3-4DF4-80BB-D23E6657ACB2}"
EndProject
Project("{FAE04EC0-301F-11D3-BF4B-00C04F79EFBC}") = "MvcExample", "MvcExample\MvcExample.csproj", "{ECCED10D-7E4A-4FFE-814D-5090CBCE81BC}"
EndProject
Project("{FAE04EC0-301F-11D3-BF4B-00C04F79EFBC}") = "ExampleLibrary", "ExampleLibrary\ExampleLibrary.csproj", "{317C89C4-9369-459D-B3FF-B47AE0BCD2F3}"
EndProject
Project("{FAE04EC0-301F-11D3-BF4B-00C04F79EFBC}") = "Utilities.UnitTests", "UtilitiesFacts\Utilities.UnitTests.csproj", "{E70E7603-9840-4EC5-8740-78FBDAE4F79A}"
EndProject
Project("{FAE04EC0-301F-11D3-BF4B-00C04F79EFBC}") = "EF6MvcExample", "DoubleEFVersionMvcExample\EF6MvcExample.csproj", "{2D483363-F682-4556-AC15-914A65F57F7B}"
EndProject
Project("{D2ABAB84-BF74-430A-B69E-9DC6D40DDA17}") = "NorthwindEfOlap", "NorthwindEfOlap\NorthwindEfOlap.dwproj", "{5B59EE6B-7D2D-4BFA-AD23-814AC4F4A6AA}"
EndProject
Project("{D2ABAB84-BF74-430A-B69E-9DC6D40DDA17}") = "ModelExampleCube", "ModelExampleCube\ModelExampleCube.dwproj", "{8C46E662-0B96-4A28-BEB9-B3383A33E910}"
EndProject
Global
	GlobalSection(SolutionConfigurationPlatforms) = preSolution
		Debug|Any CPU = Debug|Any CPU
		Debug|Mixed Platforms = Debug|Mixed Platforms
		Debug|x86 = Debug|x86
		DebugNet40|Any CPU = DebugNet40|Any CPU
		DebugNet40|Mixed Platforms = DebugNet40|Mixed Platforms
		DebugNet40|x86 = DebugNet40|x86
		Development|Any CPU = Development|Any CPU
		Development|Mixed Platforms = Development|Mixed Platforms
		Development|x86 = Development|x86
		Release|Any CPU = Release|Any CPU
		Release|Mixed Platforms = Release|Mixed Platforms
		Release|x86 = Release|x86
		ReleaseNet40|Any CPU = ReleaseNet40|Any CPU
		ReleaseNet40|Mixed Platforms = ReleaseNet40|Mixed Platforms
		ReleaseNet40|x86 = ReleaseNet40|x86
	EndGlobalSection
	GlobalSection(ProjectConfigurationPlatforms) = postSolution
		{084880DD-94A5-48EC-A5B8-64C79562AFEE}.Debug|Any CPU.ActiveCfg = Debug|Any CPU
		{084880DD-94A5-48EC-A5B8-64C79562AFEE}.Debug|Any CPU.Build.0 = Debug|Any CPU
		{084880DD-94A5-48EC-A5B8-64C79562AFEE}.Debug|Mixed Platforms.ActiveCfg = Debug|x86
		{084880DD-94A5-48EC-A5B8-64C79562AFEE}.Debug|Mixed Platforms.Build.0 = Debug|x86
		{084880DD-94A5-48EC-A5B8-64C79562AFEE}.Debug|x86.ActiveCfg = Debug|x86
		{084880DD-94A5-48EC-A5B8-64C79562AFEE}.Debug|x86.Build.0 = Debug|x86
		{084880DD-94A5-48EC-A5B8-64C79562AFEE}.DebugNet40|Any CPU.ActiveCfg = Debug|Any CPU
		{084880DD-94A5-48EC-A5B8-64C79562AFEE}.DebugNet40|Any CPU.Build.0 = Debug|Any CPU
		{084880DD-94A5-48EC-A5B8-64C79562AFEE}.DebugNet40|Mixed Platforms.ActiveCfg = Debug|x86
		{084880DD-94A5-48EC-A5B8-64C79562AFEE}.DebugNet40|Mixed Platforms.Build.0 = Debug|x86
		{084880DD-94A5-48EC-A5B8-64C79562AFEE}.DebugNet40|x86.ActiveCfg = Debug|x86
		{084880DD-94A5-48EC-A5B8-64C79562AFEE}.DebugNet40|x86.Build.0 = Debug|x86
		{084880DD-94A5-48EC-A5B8-64C79562AFEE}.Development|Any CPU.ActiveCfg = Debug|Any CPU
		{084880DD-94A5-48EC-A5B8-64C79562AFEE}.Development|Any CPU.Build.0 = Debug|Any CPU
		{084880DD-94A5-48EC-A5B8-64C79562AFEE}.Development|Mixed Platforms.ActiveCfg = Debug|x86
		{084880DD-94A5-48EC-A5B8-64C79562AFEE}.Development|Mixed Platforms.Build.0 = Debug|x86
		{084880DD-94A5-48EC-A5B8-64C79562AFEE}.Development|x86.ActiveCfg = Debug|x86
		{084880DD-94A5-48EC-A5B8-64C79562AFEE}.Development|x86.Build.0 = Debug|x86
		{084880DD-94A5-48EC-A5B8-64C79562AFEE}.Release|Any CPU.ActiveCfg = Release|Any CPU
		{084880DD-94A5-48EC-A5B8-64C79562AFEE}.Release|Any CPU.Build.0 = Release|Any CPU
		{084880DD-94A5-48EC-A5B8-64C79562AFEE}.Release|Mixed Platforms.ActiveCfg = Release|x86
		{084880DD-94A5-48EC-A5B8-64C79562AFEE}.Release|Mixed Platforms.Build.0 = Release|x86
		{084880DD-94A5-48EC-A5B8-64C79562AFEE}.Release|x86.ActiveCfg = Release|x86
		{084880DD-94A5-48EC-A5B8-64C79562AFEE}.Release|x86.Build.0 = Release|x86
		{084880DD-94A5-48EC-A5B8-64C79562AFEE}.ReleaseNet40|Any CPU.ActiveCfg = Release|Any CPU
		{084880DD-94A5-48EC-A5B8-64C79562AFEE}.ReleaseNet40|Any CPU.Build.0 = Release|Any CPU
		{084880DD-94A5-48EC-A5B8-64C79562AFEE}.ReleaseNet40|Mixed Platforms.ActiveCfg = Release|x86
		{084880DD-94A5-48EC-A5B8-64C79562AFEE}.ReleaseNet40|Mixed Platforms.Build.0 = Release|x86
		{084880DD-94A5-48EC-A5B8-64C79562AFEE}.ReleaseNet40|x86.ActiveCfg = Release|x86
		{084880DD-94A5-48EC-A5B8-64C79562AFEE}.ReleaseNet40|x86.Build.0 = Release|x86
		{C1C01693-B9CE-4B85-BCBE-77073C59BBF4}.Debug|Any CPU.ActiveCfg = Debug|Any CPU
		{C1C01693-B9CE-4B85-BCBE-77073C59BBF4}.Debug|Any CPU.Build.0 = Debug|Any CPU
		{C1C01693-B9CE-4B85-BCBE-77073C59BBF4}.Debug|Mixed Platforms.ActiveCfg = Debug|x86
		{C1C01693-B9CE-4B85-BCBE-77073C59BBF4}.Debug|Mixed Platforms.Build.0 = Debug|x86
		{C1C01693-B9CE-4B85-BCBE-77073C59BBF4}.Debug|x86.ActiveCfg = Debug|x86
		{C1C01693-B9CE-4B85-BCBE-77073C59BBF4}.Debug|x86.Build.0 = Debug|x86
		{C1C01693-B9CE-4B85-BCBE-77073C59BBF4}.DebugNet40|Any CPU.ActiveCfg = Debug|Any CPU
		{C1C01693-B9CE-4B85-BCBE-77073C59BBF4}.DebugNet40|Any CPU.Build.0 = Debug|Any CPU
		{C1C01693-B9CE-4B85-BCBE-77073C59BBF4}.DebugNet40|Mixed Platforms.ActiveCfg = Debug|x86
		{C1C01693-B9CE-4B85-BCBE-77073C59BBF4}.DebugNet40|Mixed Platforms.Build.0 = Debug|x86
		{C1C01693-B9CE-4B85-BCBE-77073C59BBF4}.DebugNet40|x86.ActiveCfg = Debug|x86
		{C1C01693-B9CE-4B85-BCBE-77073C59BBF4}.DebugNet40|x86.Build.0 = Debug|x86
		{C1C01693-B9CE-4B85-BCBE-77073C59BBF4}.Development|Any CPU.ActiveCfg = Debug|Any CPU
		{C1C01693-B9CE-4B85-BCBE-77073C59BBF4}.Development|Any CPU.Build.0 = Debug|Any CPU
		{C1C01693-B9CE-4B85-BCBE-77073C59BBF4}.Development|Mixed Platforms.ActiveCfg = Debug|x86
		{C1C01693-B9CE-4B85-BCBE-77073C59BBF4}.Development|Mixed Platforms.Build.0 = Debug|x86
		{C1C01693-B9CE-4B85-BCBE-77073C59BBF4}.Development|x86.ActiveCfg = Debug|x86
		{C1C01693-B9CE-4B85-BCBE-77073C59BBF4}.Development|x86.Build.0 = Debug|x86
		{C1C01693-B9CE-4B85-BCBE-77073C59BBF4}.Release|Any CPU.ActiveCfg = Release|Any CPU
		{C1C01693-B9CE-4B85-BCBE-77073C59BBF4}.Release|Any CPU.Build.0 = Release|Any CPU
		{C1C01693-B9CE-4B85-BCBE-77073C59BBF4}.Release|Mixed Platforms.ActiveCfg = Release|x86
		{C1C01693-B9CE-4B85-BCBE-77073C59BBF4}.Release|Mixed Platforms.Build.0 = Release|x86
		{C1C01693-B9CE-4B85-BCBE-77073C59BBF4}.Release|x86.ActiveCfg = Release|x86
		{C1C01693-B9CE-4B85-BCBE-77073C59BBF4}.Release|x86.Build.0 = Release|x86
		{C1C01693-B9CE-4B85-BCBE-77073C59BBF4}.ReleaseNet40|Any CPU.ActiveCfg = Release|Any CPU
		{C1C01693-B9CE-4B85-BCBE-77073C59BBF4}.ReleaseNet40|Any CPU.Build.0 = Release|Any CPU
		{C1C01693-B9CE-4B85-BCBE-77073C59BBF4}.ReleaseNet40|Mixed Platforms.ActiveCfg = Release|x86
		{C1C01693-B9CE-4B85-BCBE-77073C59BBF4}.ReleaseNet40|Mixed Platforms.Build.0 = Release|x86
		{C1C01693-B9CE-4B85-BCBE-77073C59BBF4}.ReleaseNet40|x86.ActiveCfg = Release|x86
		{C1C01693-B9CE-4B85-BCBE-77073C59BBF4}.ReleaseNet40|x86.Build.0 = Release|x86
		{7DEC1D69-172D-46CE-9FC4-17402EAC6C56}.Debug|Any CPU.ActiveCfg = Debug|Any CPU
		{7DEC1D69-172D-46CE-9FC4-17402EAC6C56}.Debug|Any CPU.Build.0 = Debug|Any CPU
		{7DEC1D69-172D-46CE-9FC4-17402EAC6C56}.Debug|Mixed Platforms.ActiveCfg = Debug|x86
		{7DEC1D69-172D-46CE-9FC4-17402EAC6C56}.Debug|Mixed Platforms.Build.0 = Debug|x86
		{7DEC1D69-172D-46CE-9FC4-17402EAC6C56}.Debug|x86.ActiveCfg = Debug|x86
		{7DEC1D69-172D-46CE-9FC4-17402EAC6C56}.Debug|x86.Build.0 = Debug|x86
		{7DEC1D69-172D-46CE-9FC4-17402EAC6C56}.DebugNet40|Any CPU.ActiveCfg = Debug|Any CPU
		{7DEC1D69-172D-46CE-9FC4-17402EAC6C56}.DebugNet40|Any CPU.Build.0 = Debug|Any CPU
		{7DEC1D69-172D-46CE-9FC4-17402EAC6C56}.DebugNet40|Mixed Platforms.ActiveCfg = Debug|x86
		{7DEC1D69-172D-46CE-9FC4-17402EAC6C56}.DebugNet40|Mixed Platforms.Build.0 = Debug|x86
		{7DEC1D69-172D-46CE-9FC4-17402EAC6C56}.DebugNet40|x86.ActiveCfg = Debug|x86
		{7DEC1D69-172D-46CE-9FC4-17402EAC6C56}.DebugNet40|x86.Build.0 = Debug|x86
		{7DEC1D69-172D-46CE-9FC4-17402EAC6C56}.Development|Any CPU.ActiveCfg = Debug|Any CPU
		{7DEC1D69-172D-46CE-9FC4-17402EAC6C56}.Development|Any CPU.Build.0 = Debug|Any CPU
		{7DEC1D69-172D-46CE-9FC4-17402EAC6C56}.Development|Mixed Platforms.ActiveCfg = Debug|x86
		{7DEC1D69-172D-46CE-9FC4-17402EAC6C56}.Development|Mixed Platforms.Build.0 = Debug|x86
		{7DEC1D69-172D-46CE-9FC4-17402EAC6C56}.Development|x86.ActiveCfg = Debug|x86
		{7DEC1D69-172D-46CE-9FC4-17402EAC6C56}.Development|x86.Build.0 = Debug|x86
		{7DEC1D69-172D-46CE-9FC4-17402EAC6C56}.Release|Any CPU.ActiveCfg = Release|Any CPU
		{7DEC1D69-172D-46CE-9FC4-17402EAC6C56}.Release|Any CPU.Build.0 = Release|Any CPU
		{7DEC1D69-172D-46CE-9FC4-17402EAC6C56}.Release|Mixed Platforms.ActiveCfg = Release|x86
		{7DEC1D69-172D-46CE-9FC4-17402EAC6C56}.Release|Mixed Platforms.Build.0 = Release|x86
		{7DEC1D69-172D-46CE-9FC4-17402EAC6C56}.Release|x86.ActiveCfg = Release|x86
		{7DEC1D69-172D-46CE-9FC4-17402EAC6C56}.Release|x86.Build.0 = Release|x86
		{7DEC1D69-172D-46CE-9FC4-17402EAC6C56}.ReleaseNet40|Any CPU.ActiveCfg = Release|Any CPU
		{7DEC1D69-172D-46CE-9FC4-17402EAC6C56}.ReleaseNet40|Any CPU.Build.0 = Release|Any CPU
		{7DEC1D69-172D-46CE-9FC4-17402EAC6C56}.ReleaseNet40|Mixed Platforms.ActiveCfg = Release|x86
		{7DEC1D69-172D-46CE-9FC4-17402EAC6C56}.ReleaseNet40|Mixed Platforms.Build.0 = Release|x86
		{7DEC1D69-172D-46CE-9FC4-17402EAC6C56}.ReleaseNet40|x86.ActiveCfg = Release|x86
		{7DEC1D69-172D-46CE-9FC4-17402EAC6C56}.ReleaseNet40|x86.Build.0 = Release|x86
		{ED4A96FC-6875-4943-B031-157B646EB837}.Debug|Any CPU.ActiveCfg = Debug|Any CPU
		{ED4A96FC-6875-4943-B031-157B646EB837}.Debug|Any CPU.Build.0 = Debug|Any CPU
		{ED4A96FC-6875-4943-B031-157B646EB837}.Debug|Mixed Platforms.ActiveCfg = Debug|x86
		{ED4A96FC-6875-4943-B031-157B646EB837}.Debug|Mixed Platforms.Build.0 = Debug|x86
		{ED4A96FC-6875-4943-B031-157B646EB837}.Debug|x86.ActiveCfg = Debug|x86
		{ED4A96FC-6875-4943-B031-157B646EB837}.Debug|x86.Build.0 = Debug|x86
		{ED4A96FC-6875-4943-B031-157B646EB837}.DebugNet40|Any CPU.ActiveCfg = Debug|Any CPU
		{ED4A96FC-6875-4943-B031-157B646EB837}.DebugNet40|Any CPU.Build.0 = Debug|Any CPU
		{ED4A96FC-6875-4943-B031-157B646EB837}.DebugNet40|Mixed Platforms.ActiveCfg = Debug|x86
		{ED4A96FC-6875-4943-B031-157B646EB837}.DebugNet40|Mixed Platforms.Build.0 = Debug|x86
		{ED4A96FC-6875-4943-B031-157B646EB837}.DebugNet40|x86.ActiveCfg = Debug|x86
		{ED4A96FC-6875-4943-B031-157B646EB837}.DebugNet40|x86.Build.0 = Debug|x86
		{ED4A96FC-6875-4943-B031-157B646EB837}.Development|Any CPU.ActiveCfg = Debug|Any CPU
		{ED4A96FC-6875-4943-B031-157B646EB837}.Development|Any CPU.Build.0 = Debug|Any CPU
		{ED4A96FC-6875-4943-B031-157B646EB837}.Development|Mixed Platforms.ActiveCfg = Debug|x86
		{ED4A96FC-6875-4943-B031-157B646EB837}.Development|Mixed Platforms.Build.0 = Debug|x86
		{ED4A96FC-6875-4943-B031-157B646EB837}.Development|x86.ActiveCfg = Debug|x86
		{ED4A96FC-6875-4943-B031-157B646EB837}.Development|x86.Build.0 = Debug|x86
		{ED4A96FC-6875-4943-B031-157B646EB837}.Release|Any CPU.ActiveCfg = Release|Any CPU
		{ED4A96FC-6875-4943-B031-157B646EB837}.Release|Any CPU.Build.0 = Release|Any CPU
		{ED4A96FC-6875-4943-B031-157B646EB837}.Release|Mixed Platforms.ActiveCfg = Release|x86
		{ED4A96FC-6875-4943-B031-157B646EB837}.Release|Mixed Platforms.Build.0 = Release|x86
		{ED4A96FC-6875-4943-B031-157B646EB837}.Release|x86.ActiveCfg = Release|x86
		{ED4A96FC-6875-4943-B031-157B646EB837}.Release|x86.Build.0 = Release|x86
		{ED4A96FC-6875-4943-B031-157B646EB837}.ReleaseNet40|Any CPU.ActiveCfg = Release|Any CPU
		{ED4A96FC-6875-4943-B031-157B646EB837}.ReleaseNet40|Any CPU.Build.0 = Release|Any CPU
		{ED4A96FC-6875-4943-B031-157B646EB837}.ReleaseNet40|Mixed Platforms.ActiveCfg = Release|x86
		{ED4A96FC-6875-4943-B031-157B646EB837}.ReleaseNet40|Mixed Platforms.Build.0 = Release|x86
		{ED4A96FC-6875-4943-B031-157B646EB837}.ReleaseNet40|x86.ActiveCfg = Release|x86
		{ED4A96FC-6875-4943-B031-157B646EB837}.ReleaseNet40|x86.Build.0 = Release|x86
		{0B6D6CC6-D614-4ADD-9D7E-3A3AE0031D8F}.Debug|Any CPU.ActiveCfg = Debug|Any CPU
		{0B6D6CC6-D614-4ADD-9D7E-3A3AE0031D8F}.Debug|Any CPU.Build.0 = Debug|Any CPU
		{0B6D6CC6-D614-4ADD-9D7E-3A3AE0031D8F}.Debug|Mixed Platforms.ActiveCfg = Debug|x86
		{0B6D6CC6-D614-4ADD-9D7E-3A3AE0031D8F}.Debug|Mixed Platforms.Build.0 = Debug|x86
		{0B6D6CC6-D614-4ADD-9D7E-3A3AE0031D8F}.Debug|x86.ActiveCfg = Debug|x86
		{0B6D6CC6-D614-4ADD-9D7E-3A3AE0031D8F}.Debug|x86.Build.0 = Debug|x86
		{0B6D6CC6-D614-4ADD-9D7E-3A3AE0031D8F}.DebugNet40|Any CPU.ActiveCfg = Debug|Any CPU
		{0B6D6CC6-D614-4ADD-9D7E-3A3AE0031D8F}.DebugNet40|Any CPU.Build.0 = Debug|Any CPU
		{0B6D6CC6-D614-4ADD-9D7E-3A3AE0031D8F}.DebugNet40|Mixed Platforms.ActiveCfg = Debug|x86
		{0B6D6CC6-D614-4ADD-9D7E-3A3AE0031D8F}.DebugNet40|Mixed Platforms.Build.0 = Debug|x86
		{0B6D6CC6-D614-4ADD-9D7E-3A3AE0031D8F}.DebugNet40|x86.ActiveCfg = Debug|x86
		{0B6D6CC6-D614-4ADD-9D7E-3A3AE0031D8F}.DebugNet40|x86.Build.0 = Debug|x86
		{0B6D6CC6-D614-4ADD-9D7E-3A3AE0031D8F}.Development|Any CPU.ActiveCfg = Debug|Any CPU
		{0B6D6CC6-D614-4ADD-9D7E-3A3AE0031D8F}.Development|Any CPU.Build.0 = Debug|Any CPU
		{0B6D6CC6-D614-4ADD-9D7E-3A3AE0031D8F}.Development|Mixed Platforms.ActiveCfg = Debug|x86
		{0B6D6CC6-D614-4ADD-9D7E-3A3AE0031D8F}.Development|Mixed Platforms.Build.0 = Debug|x86
		{0B6D6CC6-D614-4ADD-9D7E-3A3AE0031D8F}.Development|x86.ActiveCfg = Debug|x86
		{0B6D6CC6-D614-4ADD-9D7E-3A3AE0031D8F}.Development|x86.Build.0 = Debug|x86
		{0B6D6CC6-D614-4ADD-9D7E-3A3AE0031D8F}.Release|Any CPU.ActiveCfg = Release|Any CPU
		{0B6D6CC6-D614-4ADD-9D7E-3A3AE0031D8F}.Release|Any CPU.Build.0 = Release|Any CPU
		{0B6D6CC6-D614-4ADD-9D7E-3A3AE0031D8F}.Release|Mixed Platforms.ActiveCfg = Release|x86
		{0B6D6CC6-D614-4ADD-9D7E-3A3AE0031D8F}.Release|Mixed Platforms.Build.0 = Release|x86
		{0B6D6CC6-D614-4ADD-9D7E-3A3AE0031D8F}.Release|x86.ActiveCfg = Release|x86
		{0B6D6CC6-D614-4ADD-9D7E-3A3AE0031D8F}.Release|x86.Build.0 = Release|x86
		{0B6D6CC6-D614-4ADD-9D7E-3A3AE0031D8F}.ReleaseNet40|Any CPU.ActiveCfg = Release|Any CPU
		{0B6D6CC6-D614-4ADD-9D7E-3A3AE0031D8F}.ReleaseNet40|Any CPU.Build.0 = Release|Any CPU
		{0B6D6CC6-D614-4ADD-9D7E-3A3AE0031D8F}.ReleaseNet40|Mixed Platforms.ActiveCfg = Release|x86
		{0B6D6CC6-D614-4ADD-9D7E-3A3AE0031D8F}.ReleaseNet40|Mixed Platforms.Build.0 = Release|x86
		{0B6D6CC6-D614-4ADD-9D7E-3A3AE0031D8F}.ReleaseNet40|x86.ActiveCfg = Release|x86
		{0B6D6CC6-D614-4ADD-9D7E-3A3AE0031D8F}.ReleaseNet40|x86.Build.0 = Release|x86
		{F636F6C2-9A4A-43C8-9BD8-4E8858E0D8F0}.Debug|Any CPU.ActiveCfg = Debug|Any CPU
		{F636F6C2-9A4A-43C8-9BD8-4E8858E0D8F0}.Debug|Any CPU.Build.0 = Debug|Any CPU
		{F636F6C2-9A4A-43C8-9BD8-4E8858E0D8F0}.Debug|Mixed Platforms.ActiveCfg = Debug|x86
		{F636F6C2-9A4A-43C8-9BD8-4E8858E0D8F0}.Debug|Mixed Platforms.Build.0 = Debug|x86
		{F636F6C2-9A4A-43C8-9BD8-4E8858E0D8F0}.Debug|x86.ActiveCfg = Debug|x86
		{F636F6C2-9A4A-43C8-9BD8-4E8858E0D8F0}.Debug|x86.Build.0 = Debug|x86
		{F636F6C2-9A4A-43C8-9BD8-4E8858E0D8F0}.DebugNet40|Any CPU.ActiveCfg = Debug|Any CPU
		{F636F6C2-9A4A-43C8-9BD8-4E8858E0D8F0}.DebugNet40|Any CPU.Build.0 = Debug|Any CPU
		{F636F6C2-9A4A-43C8-9BD8-4E8858E0D8F0}.DebugNet40|Mixed Platforms.ActiveCfg = Debug|x86
		{F636F6C2-9A4A-43C8-9BD8-4E8858E0D8F0}.DebugNet40|Mixed Platforms.Build.0 = Debug|x86
		{F636F6C2-9A4A-43C8-9BD8-4E8858E0D8F0}.DebugNet40|x86.ActiveCfg = Debug|x86
		{F636F6C2-9A4A-43C8-9BD8-4E8858E0D8F0}.DebugNet40|x86.Build.0 = Debug|x86
		{F636F6C2-9A4A-43C8-9BD8-4E8858E0D8F0}.Development|Any CPU.ActiveCfg = Debug|Any CPU
		{F636F6C2-9A4A-43C8-9BD8-4E8858E0D8F0}.Development|Any CPU.Build.0 = Debug|Any CPU
		{F636F6C2-9A4A-43C8-9BD8-4E8858E0D8F0}.Development|Mixed Platforms.ActiveCfg = Debug|x86
		{F636F6C2-9A4A-43C8-9BD8-4E8858E0D8F0}.Development|Mixed Platforms.Build.0 = Debug|x86
		{F636F6C2-9A4A-43C8-9BD8-4E8858E0D8F0}.Development|x86.ActiveCfg = Debug|x86
		{F636F6C2-9A4A-43C8-9BD8-4E8858E0D8F0}.Development|x86.Build.0 = Debug|x86
		{F636F6C2-9A4A-43C8-9BD8-4E8858E0D8F0}.Release|Any CPU.ActiveCfg = Release|Any CPU
		{F636F6C2-9A4A-43C8-9BD8-4E8858E0D8F0}.Release|Any CPU.Build.0 = Release|Any CPU
		{F636F6C2-9A4A-43C8-9BD8-4E8858E0D8F0}.Release|Mixed Platforms.ActiveCfg = Release|x86
		{F636F6C2-9A4A-43C8-9BD8-4E8858E0D8F0}.Release|Mixed Platforms.Build.0 = Release|x86
		{F636F6C2-9A4A-43C8-9BD8-4E8858E0D8F0}.Release|x86.ActiveCfg = Release|x86
		{F636F6C2-9A4A-43C8-9BD8-4E8858E0D8F0}.Release|x86.Build.0 = Release|x86
		{F636F6C2-9A4A-43C8-9BD8-4E8858E0D8F0}.ReleaseNet40|Any CPU.ActiveCfg = Release|Any CPU
		{F636F6C2-9A4A-43C8-9BD8-4E8858E0D8F0}.ReleaseNet40|Any CPU.Build.0 = Release|Any CPU
		{F636F6C2-9A4A-43C8-9BD8-4E8858E0D8F0}.ReleaseNet40|Mixed Platforms.ActiveCfg = Release|x86
		{F636F6C2-9A4A-43C8-9BD8-4E8858E0D8F0}.ReleaseNet40|Mixed Platforms.Build.0 = Release|x86
		{F636F6C2-9A4A-43C8-9BD8-4E8858E0D8F0}.ReleaseNet40|x86.ActiveCfg = Release|x86
		{F636F6C2-9A4A-43C8-9BD8-4E8858E0D8F0}.ReleaseNet40|x86.Build.0 = Release|x86
		{6F54A058-7535-4E4F-85BC-0B942BEA07E5}.Debug|Any CPU.ActiveCfg = Debug|Any CPU
		{6F54A058-7535-4E4F-85BC-0B942BEA07E5}.Debug|Any CPU.Build.0 = Debug|Any CPU
		{6F54A058-7535-4E4F-85BC-0B942BEA07E5}.Debug|Mixed Platforms.ActiveCfg = Debug|x86
		{6F54A058-7535-4E4F-85BC-0B942BEA07E5}.Debug|Mixed Platforms.Build.0 = Debug|x86
		{6F54A058-7535-4E4F-85BC-0B942BEA07E5}.Debug|x86.ActiveCfg = Debug|x86
		{6F54A058-7535-4E4F-85BC-0B942BEA07E5}.Debug|x86.Build.0 = Debug|x86
		{6F54A058-7535-4E4F-85BC-0B942BEA07E5}.DebugNet40|Any CPU.ActiveCfg = Debug|Any CPU
		{6F54A058-7535-4E4F-85BC-0B942BEA07E5}.DebugNet40|Any CPU.Build.0 = Debug|Any CPU
		{6F54A058-7535-4E4F-85BC-0B942BEA07E5}.DebugNet40|Mixed Platforms.ActiveCfg = Debug|x86
		{6F54A058-7535-4E4F-85BC-0B942BEA07E5}.DebugNet40|Mixed Platforms.Build.0 = Debug|x86
		{6F54A058-7535-4E4F-85BC-0B942BEA07E5}.DebugNet40|x86.ActiveCfg = Debug|x86
		{6F54A058-7535-4E4F-85BC-0B942BEA07E5}.DebugNet40|x86.Build.0 = Debug|x86
		{6F54A058-7535-4E4F-85BC-0B942BEA07E5}.Development|Any CPU.ActiveCfg = Debug|Any CPU
		{6F54A058-7535-4E4F-85BC-0B942BEA07E5}.Development|Any CPU.Build.0 = Debug|Any CPU
		{6F54A058-7535-4E4F-85BC-0B942BEA07E5}.Development|Mixed Platforms.ActiveCfg = Debug|x86
		{6F54A058-7535-4E4F-85BC-0B942BEA07E5}.Development|Mixed Platforms.Build.0 = Debug|x86
		{6F54A058-7535-4E4F-85BC-0B942BEA07E5}.Development|x86.ActiveCfg = Debug|x86
		{6F54A058-7535-4E4F-85BC-0B942BEA07E5}.Development|x86.Build.0 = Debug|x86
		{6F54A058-7535-4E4F-85BC-0B942BEA07E5}.Release|Any CPU.ActiveCfg = Release|Any CPU
		{6F54A058-7535-4E4F-85BC-0B942BEA07E5}.Release|Any CPU.Build.0 = Release|Any CPU
		{6F54A058-7535-4E4F-85BC-0B942BEA07E5}.Release|Mixed Platforms.ActiveCfg = Release|x86
		{6F54A058-7535-4E4F-85BC-0B942BEA07E5}.Release|Mixed Platforms.Build.0 = Release|x86
		{6F54A058-7535-4E4F-85BC-0B942BEA07E5}.Release|x86.ActiveCfg = Release|x86
		{6F54A058-7535-4E4F-85BC-0B942BEA07E5}.Release|x86.Build.0 = Release|x86
		{6F54A058-7535-4E4F-85BC-0B942BEA07E5}.ReleaseNet40|Any CPU.ActiveCfg = Release|Any CPU
		{6F54A058-7535-4E4F-85BC-0B942BEA07E5}.ReleaseNet40|Any CPU.Build.0 = Release|Any CPU
		{6F54A058-7535-4E4F-85BC-0B942BEA07E5}.ReleaseNet40|Mixed Platforms.ActiveCfg = Release|x86
		{6F54A058-7535-4E4F-85BC-0B942BEA07E5}.ReleaseNet40|Mixed Platforms.Build.0 = Release|x86
		{6F54A058-7535-4E4F-85BC-0B942BEA07E5}.ReleaseNet40|x86.ActiveCfg = Release|x86
		{6F54A058-7535-4E4F-85BC-0B942BEA07E5}.ReleaseNet40|x86.Build.0 = Release|x86
		{C2765A4C-8535-488C-A494-63DE3553EB63}.Debug|Any CPU.ActiveCfg = Debug|Any CPU
		{C2765A4C-8535-488C-A494-63DE3553EB63}.Debug|Mixed Platforms.ActiveCfg = Debug|x86
		{C2765A4C-8535-488C-A494-63DE3553EB63}.Debug|Mixed Platforms.Build.0 = Debug|x86
		{C2765A4C-8535-488C-A494-63DE3553EB63}.Debug|x86.ActiveCfg = Debug|x86
		{C2765A4C-8535-488C-A494-63DE3553EB63}.DebugNet40|Any CPU.ActiveCfg = Debug|Any CPU
		{C2765A4C-8535-488C-A494-63DE3553EB63}.DebugNet40|Any CPU.Build.0 = Debug|Any CPU
		{C2765A4C-8535-488C-A494-63DE3553EB63}.DebugNet40|Mixed Platforms.ActiveCfg = Debug|x86
		{C2765A4C-8535-488C-A494-63DE3553EB63}.DebugNet40|Mixed Platforms.Build.0 = Debug|x86
		{C2765A4C-8535-488C-A494-63DE3553EB63}.DebugNet40|x86.ActiveCfg = Debug|x86
		{C2765A4C-8535-488C-A494-63DE3553EB63}.DebugNet40|x86.Build.0 = Debug|x86
		{C2765A4C-8535-488C-A494-63DE3553EB63}.Development|Any CPU.ActiveCfg = Debug|Any CPU
		{C2765A4C-8535-488C-A494-63DE3553EB63}.Development|Any CPU.Build.0 = Debug|Any CPU
		{C2765A4C-8535-488C-A494-63DE3553EB63}.Development|Mixed Platforms.ActiveCfg = Debug|x86
		{C2765A4C-8535-488C-A494-63DE3553EB63}.Development|Mixed Platforms.Build.0 = Debug|x86
		{C2765A4C-8535-488C-A494-63DE3553EB63}.Development|x86.ActiveCfg = Debug|x86
		{C2765A4C-8535-488C-A494-63DE3553EB63}.Development|x86.Build.0 = Debug|x86
		{C2765A4C-8535-488C-A494-63DE3553EB63}.Release|Any CPU.ActiveCfg = Release|x86
		{C2765A4C-8535-488C-A494-63DE3553EB63}.Release|Mixed Platforms.ActiveCfg = Release|x86
		{C2765A4C-8535-488C-A494-63DE3553EB63}.Release|Mixed Platforms.Build.0 = Release|x86
		{C2765A4C-8535-488C-A494-63DE3553EB63}.Release|x86.ActiveCfg = Release|x86
		{C2765A4C-8535-488C-A494-63DE3553EB63}.ReleaseNet40|Any CPU.ActiveCfg = Release|Any CPU
		{C2765A4C-8535-488C-A494-63DE3553EB63}.ReleaseNet40|Any CPU.Build.0 = Release|Any CPU
		{C2765A4C-8535-488C-A494-63DE3553EB63}.ReleaseNet40|Mixed Platforms.ActiveCfg = Release|x86
		{C2765A4C-8535-488C-A494-63DE3553EB63}.ReleaseNet40|Mixed Platforms.Build.0 = Release|x86
		{C2765A4C-8535-488C-A494-63DE3553EB63}.ReleaseNet40|x86.ActiveCfg = Release|x86
		{C2765A4C-8535-488C-A494-63DE3553EB63}.ReleaseNet40|x86.Build.0 = Release|x86
		{BA5C16AD-DBBC-491E-AD2C-0BE3D5BC30CC}.Debug|Any CPU.ActiveCfg = Debug|Any CPU
		{BA5C16AD-DBBC-491E-AD2C-0BE3D5BC30CC}.Debug|Any CPU.Build.0 = Debug|Any CPU
		{BA5C16AD-DBBC-491E-AD2C-0BE3D5BC30CC}.Debug|Mixed Platforms.ActiveCfg = Debug|Any CPU
		{BA5C16AD-DBBC-491E-AD2C-0BE3D5BC30CC}.Debug|Mixed Platforms.Build.0 = Debug|Any CPU
		{BA5C16AD-DBBC-491E-AD2C-0BE3D5BC30CC}.Debug|x86.ActiveCfg = Debug|x86
		{BA5C16AD-DBBC-491E-AD2C-0BE3D5BC30CC}.Debug|x86.Build.0 = Debug|x86
		{BA5C16AD-DBBC-491E-AD2C-0BE3D5BC30CC}.DebugNet40|Any CPU.ActiveCfg = Debug|Any CPU
		{BA5C16AD-DBBC-491E-AD2C-0BE3D5BC30CC}.DebugNet40|Any CPU.Build.0 = Debug|Any CPU
		{BA5C16AD-DBBC-491E-AD2C-0BE3D5BC30CC}.DebugNet40|Mixed Platforms.ActiveCfg = Debug|x86
		{BA5C16AD-DBBC-491E-AD2C-0BE3D5BC30CC}.DebugNet40|Mixed Platforms.Build.0 = Debug|x86
		{BA5C16AD-DBBC-491E-AD2C-0BE3D5BC30CC}.DebugNet40|x86.ActiveCfg = Debug|x86
		{BA5C16AD-DBBC-491E-AD2C-0BE3D5BC30CC}.DebugNet40|x86.Build.0 = Debug|x86
		{BA5C16AD-DBBC-491E-AD2C-0BE3D5BC30CC}.Development|Any CPU.ActiveCfg = Debug|Any CPU
		{BA5C16AD-DBBC-491E-AD2C-0BE3D5BC30CC}.Development|Any CPU.Build.0 = Debug|Any CPU
		{BA5C16AD-DBBC-491E-AD2C-0BE3D5BC30CC}.Development|Mixed Platforms.ActiveCfg = Debug|x86
		{BA5C16AD-DBBC-491E-AD2C-0BE3D5BC30CC}.Development|Mixed Platforms.Build.0 = Debug|x86
		{BA5C16AD-DBBC-491E-AD2C-0BE3D5BC30CC}.Development|x86.ActiveCfg = Debug|x86
		{BA5C16AD-DBBC-491E-AD2C-0BE3D5BC30CC}.Development|x86.Build.0 = Debug|x86
		{BA5C16AD-DBBC-491E-AD2C-0BE3D5BC30CC}.Release|Any CPU.ActiveCfg = Release|Any CPU
		{BA5C16AD-DBBC-491E-AD2C-0BE3D5BC30CC}.Release|Any CPU.Build.0 = Release|Any CPU
		{BA5C16AD-DBBC-491E-AD2C-0BE3D5BC30CC}.Release|Mixed Platforms.ActiveCfg = Release|Any CPU
		{BA5C16AD-DBBC-491E-AD2C-0BE3D5BC30CC}.Release|Mixed Platforms.Build.0 = Release|Any CPU
		{BA5C16AD-DBBC-491E-AD2C-0BE3D5BC30CC}.Release|x86.ActiveCfg = Release|x86
		{BA5C16AD-DBBC-491E-AD2C-0BE3D5BC30CC}.Release|x86.Build.0 = Release|x86
		{BA5C16AD-DBBC-491E-AD2C-0BE3D5BC30CC}.ReleaseNet40|Any CPU.ActiveCfg = Release|Any CPU
		{BA5C16AD-DBBC-491E-AD2C-0BE3D5BC30CC}.ReleaseNet40|Any CPU.Build.0 = Release|Any CPU
		{BA5C16AD-DBBC-491E-AD2C-0BE3D5BC30CC}.ReleaseNet40|Mixed Platforms.ActiveCfg = Release|x86
		{BA5C16AD-DBBC-491E-AD2C-0BE3D5BC30CC}.ReleaseNet40|Mixed Platforms.Build.0 = Release|x86
		{BA5C16AD-DBBC-491E-AD2C-0BE3D5BC30CC}.ReleaseNet40|x86.ActiveCfg = Release|x86
		{BA5C16AD-DBBC-491E-AD2C-0BE3D5BC30CC}.ReleaseNet40|x86.Build.0 = Release|x86
		{59F48ED5-9591-45A2-B2D6-EC461985CE85}.Debug|Any CPU.ActiveCfg = Debug|Any CPU
		{59F48ED5-9591-45A2-B2D6-EC461985CE85}.Debug|Any CPU.Build.0 = Debug|Any CPU
		{59F48ED5-9591-45A2-B2D6-EC461985CE85}.Debug|Mixed Platforms.ActiveCfg = Debug|x86
		{59F48ED5-9591-45A2-B2D6-EC461985CE85}.Debug|Mixed Platforms.Build.0 = Debug|x86
		{59F48ED5-9591-45A2-B2D6-EC461985CE85}.Debug|x86.ActiveCfg = Debug|x86
		{59F48ED5-9591-45A2-B2D6-EC461985CE85}.Debug|x86.Build.0 = Debug|x86
		{59F48ED5-9591-45A2-B2D6-EC461985CE85}.DebugNet40|Any CPU.ActiveCfg = Debug|Any CPU
		{59F48ED5-9591-45A2-B2D6-EC461985CE85}.DebugNet40|Any CPU.Build.0 = Debug|Any CPU
		{59F48ED5-9591-45A2-B2D6-EC461985CE85}.DebugNet40|Mixed Platforms.ActiveCfg = Debug|x86
		{59F48ED5-9591-45A2-B2D6-EC461985CE85}.DebugNet40|Mixed Platforms.Build.0 = Debug|x86
		{59F48ED5-9591-45A2-B2D6-EC461985CE85}.DebugNet40|x86.ActiveCfg = Debug|x86
		{59F48ED5-9591-45A2-B2D6-EC461985CE85}.DebugNet40|x86.Build.0 = Debug|x86
		{59F48ED5-9591-45A2-B2D6-EC461985CE85}.Development|Any CPU.ActiveCfg = Debug|Any CPU
		{59F48ED5-9591-45A2-B2D6-EC461985CE85}.Development|Any CPU.Build.0 = Debug|Any CPU
		{59F48ED5-9591-45A2-B2D6-EC461985CE85}.Development|Mixed Platforms.ActiveCfg = Debug|x86
		{59F48ED5-9591-45A2-B2D6-EC461985CE85}.Development|Mixed Platforms.Build.0 = Debug|x86
		{59F48ED5-9591-45A2-B2D6-EC461985CE85}.Development|x86.ActiveCfg = Debug|x86
		{59F48ED5-9591-45A2-B2D6-EC461985CE85}.Development|x86.Build.0 = Debug|x86
		{59F48ED5-9591-45A2-B2D6-EC461985CE85}.Release|Any CPU.ActiveCfg = Release|Any CPU
		{59F48ED5-9591-45A2-B2D6-EC461985CE85}.Release|Any CPU.Build.0 = Release|Any CPU
		{59F48ED5-9591-45A2-B2D6-EC461985CE85}.Release|Mixed Platforms.ActiveCfg = Release|x86
		{59F48ED5-9591-45A2-B2D6-EC461985CE85}.Release|Mixed Platforms.Build.0 = Release|x86
		{59F48ED5-9591-45A2-B2D6-EC461985CE85}.Release|x86.ActiveCfg = Release|x86
		{59F48ED5-9591-45A2-B2D6-EC461985CE85}.Release|x86.Build.0 = Release|x86
		{59F48ED5-9591-45A2-B2D6-EC461985CE85}.ReleaseNet40|Any CPU.ActiveCfg = Release|Any CPU
		{59F48ED5-9591-45A2-B2D6-EC461985CE85}.ReleaseNet40|Any CPU.Build.0 = Release|Any CPU
		{59F48ED5-9591-45A2-B2D6-EC461985CE85}.ReleaseNet40|Mixed Platforms.ActiveCfg = Release|x86
		{59F48ED5-9591-45A2-B2D6-EC461985CE85}.ReleaseNet40|Mixed Platforms.Build.0 = Release|x86
		{59F48ED5-9591-45A2-B2D6-EC461985CE85}.ReleaseNet40|x86.ActiveCfg = Release|x86
		{59F48ED5-9591-45A2-B2D6-EC461985CE85}.ReleaseNet40|x86.Build.0 = Release|x86
		{42939E33-FC72-459C-9403-B62AB074635E}.Debug|Any CPU.ActiveCfg = Debug|Any CPU
		{42939E33-FC72-459C-9403-B62AB074635E}.Debug|Any CPU.Build.0 = Debug|Any CPU
		{42939E33-FC72-459C-9403-B62AB074635E}.Debug|Mixed Platforms.ActiveCfg = Debug|x86
		{42939E33-FC72-459C-9403-B62AB074635E}.Debug|Mixed Platforms.Build.0 = Debug|x86
		{42939E33-FC72-459C-9403-B62AB074635E}.Debug|x86.ActiveCfg = Debug|x86
		{42939E33-FC72-459C-9403-B62AB074635E}.Debug|x86.Build.0 = Debug|x86
		{42939E33-FC72-459C-9403-B62AB074635E}.DebugNet40|Any CPU.ActiveCfg = Debug|Any CPU
		{42939E33-FC72-459C-9403-B62AB074635E}.DebugNet40|Mixed Platforms.ActiveCfg = Debug|x86
		{42939E33-FC72-459C-9403-B62AB074635E}.DebugNet40|x86.ActiveCfg = Debug|x86
		{42939E33-FC72-459C-9403-B62AB074635E}.Development|Any CPU.ActiveCfg = Debug|Any CPU
		{42939E33-FC72-459C-9403-B62AB074635E}.Development|Any CPU.Build.0 = Debug|Any CPU
		{42939E33-FC72-459C-9403-B62AB074635E}.Development|Mixed Platforms.ActiveCfg = Debug|x86
		{42939E33-FC72-459C-9403-B62AB074635E}.Development|Mixed Platforms.Build.0 = Debug|x86
		{42939E33-FC72-459C-9403-B62AB074635E}.Development|x86.ActiveCfg = Debug|x86
		{42939E33-FC72-459C-9403-B62AB074635E}.Development|x86.Build.0 = Debug|x86
		{42939E33-FC72-459C-9403-B62AB074635E}.Release|Any CPU.ActiveCfg = Release|Any CPU
		{42939E33-FC72-459C-9403-B62AB074635E}.Release|Any CPU.Build.0 = Release|Any CPU
		{42939E33-FC72-459C-9403-B62AB074635E}.Release|Mixed Platforms.ActiveCfg = Release|x86
		{42939E33-FC72-459C-9403-B62AB074635E}.Release|Mixed Platforms.Build.0 = Release|x86
		{42939E33-FC72-459C-9403-B62AB074635E}.Release|x86.ActiveCfg = Release|x86
		{42939E33-FC72-459C-9403-B62AB074635E}.Release|x86.Build.0 = Release|x86
		{42939E33-FC72-459C-9403-B62AB074635E}.ReleaseNet40|Any CPU.ActiveCfg = Release|Any CPU
		{42939E33-FC72-459C-9403-B62AB074635E}.ReleaseNet40|Mixed Platforms.ActiveCfg = Release|x86
		{42939E33-FC72-459C-9403-B62AB074635E}.ReleaseNet40|x86.ActiveCfg = Release|x86
		{B28EFE57-32BF-4E40-8808-3CCE4E9DF888}.Debug|Any CPU.ActiveCfg = Debug|Any CPU
		{B28EFE57-32BF-4E40-8808-3CCE4E9DF888}.Debug|Any CPU.Build.0 = Debug|Any CPU
		{B28EFE57-32BF-4E40-8808-3CCE4E9DF888}.Debug|Mixed Platforms.ActiveCfg = Debug|x86
		{B28EFE57-32BF-4E40-8808-3CCE4E9DF888}.Debug|Mixed Platforms.Build.0 = Debug|x86
		{B28EFE57-32BF-4E40-8808-3CCE4E9DF888}.Debug|x86.ActiveCfg = Debug|x86
		{B28EFE57-32BF-4E40-8808-3CCE4E9DF888}.Debug|x86.Build.0 = Debug|x86
		{B28EFE57-32BF-4E40-8808-3CCE4E9DF888}.DebugNet40|Any CPU.ActiveCfg = Debug|Any CPU
		{B28EFE57-32BF-4E40-8808-3CCE4E9DF888}.DebugNet40|Mixed Platforms.ActiveCfg = Debug|x86
		{B28EFE57-32BF-4E40-8808-3CCE4E9DF888}.DebugNet40|x86.ActiveCfg = Debug|x86
		{B28EFE57-32BF-4E40-8808-3CCE4E9DF888}.Development|Any CPU.ActiveCfg = Debug|Any CPU
		{B28EFE57-32BF-4E40-8808-3CCE4E9DF888}.Development|Any CPU.Build.0 = Debug|Any CPU
		{B28EFE57-32BF-4E40-8808-3CCE4E9DF888}.Development|Mixed Platforms.ActiveCfg = Debug|x86
		{B28EFE57-32BF-4E40-8808-3CCE4E9DF888}.Development|Mixed Platforms.Build.0 = Debug|x86
		{B28EFE57-32BF-4E40-8808-3CCE4E9DF888}.Development|x86.ActiveCfg = Debug|x86
		{B28EFE57-32BF-4E40-8808-3CCE4E9DF888}.Development|x86.Build.0 = Debug|x86
		{B28EFE57-32BF-4E40-8808-3CCE4E9DF888}.Release|Any CPU.ActiveCfg = Release|Any CPU
		{B28EFE57-32BF-4E40-8808-3CCE4E9DF888}.Release|Any CPU.Build.0 = Release|Any CPU
		{B28EFE57-32BF-4E40-8808-3CCE4E9DF888}.Release|Mixed Platforms.ActiveCfg = Release|x86
		{B28EFE57-32BF-4E40-8808-3CCE4E9DF888}.Release|Mixed Platforms.Build.0 = Release|x86
		{B28EFE57-32BF-4E40-8808-3CCE4E9DF888}.Release|x86.ActiveCfg = Release|x86
		{B28EFE57-32BF-4E40-8808-3CCE4E9DF888}.Release|x86.Build.0 = Release|x86
		{B28EFE57-32BF-4E40-8808-3CCE4E9DF888}.ReleaseNet40|Any CPU.ActiveCfg = Release|Any CPU
		{B28EFE57-32BF-4E40-8808-3CCE4E9DF888}.ReleaseNet40|Mixed Platforms.ActiveCfg = Release|x86
		{B28EFE57-32BF-4E40-8808-3CCE4E9DF888}.ReleaseNet40|x86.ActiveCfg = Release|x86
		{AC400458-A998-4D85-8C2B-5F1194CFDB8A}.Debug|Any CPU.ActiveCfg = Debug|Any CPU
		{AC400458-A998-4D85-8C2B-5F1194CFDB8A}.Debug|Any CPU.Build.0 = Debug|Any CPU
		{AC400458-A998-4D85-8C2B-5F1194CFDB8A}.Debug|Mixed Platforms.ActiveCfg = Debug|x86
		{AC400458-A998-4D85-8C2B-5F1194CFDB8A}.Debug|Mixed Platforms.Build.0 = Debug|x86
		{AC400458-A998-4D85-8C2B-5F1194CFDB8A}.Debug|x86.ActiveCfg = Debug|x86
		{AC400458-A998-4D85-8C2B-5F1194CFDB8A}.Debug|x86.Build.0 = Debug|x86
		{AC400458-A998-4D85-8C2B-5F1194CFDB8A}.DebugNet40|Any CPU.ActiveCfg = Debug|Any CPU
		{AC400458-A998-4D85-8C2B-5F1194CFDB8A}.DebugNet40|Mixed Platforms.ActiveCfg = Debug|x86
		{AC400458-A998-4D85-8C2B-5F1194CFDB8A}.DebugNet40|x86.ActiveCfg = Debug|x86
		{AC400458-A998-4D85-8C2B-5F1194CFDB8A}.Development|Any CPU.ActiveCfg = Debug|Any CPU
		{AC400458-A998-4D85-8C2B-5F1194CFDB8A}.Development|Any CPU.Build.0 = Debug|Any CPU
		{AC400458-A998-4D85-8C2B-5F1194CFDB8A}.Development|Mixed Platforms.ActiveCfg = Debug|x86
		{AC400458-A998-4D85-8C2B-5F1194CFDB8A}.Development|Mixed Platforms.Build.0 = Debug|x86
		{AC400458-A998-4D85-8C2B-5F1194CFDB8A}.Development|x86.ActiveCfg = Debug|x86
		{AC400458-A998-4D85-8C2B-5F1194CFDB8A}.Development|x86.Build.0 = Debug|x86
		{AC400458-A998-4D85-8C2B-5F1194CFDB8A}.Release|Any CPU.ActiveCfg = Release|Any CPU
		{AC400458-A998-4D85-8C2B-5F1194CFDB8A}.Release|Any CPU.Build.0 = Release|Any CPU
		{AC400458-A998-4D85-8C2B-5F1194CFDB8A}.Release|Mixed Platforms.ActiveCfg = Release|x86
		{AC400458-A998-4D85-8C2B-5F1194CFDB8A}.Release|Mixed Platforms.Build.0 = Release|x86
		{AC400458-A998-4D85-8C2B-5F1194CFDB8A}.Release|x86.ActiveCfg = Release|x86
		{AC400458-A998-4D85-8C2B-5F1194CFDB8A}.Release|x86.Build.0 = Release|x86
		{AC400458-A998-4D85-8C2B-5F1194CFDB8A}.ReleaseNet40|Any CPU.ActiveCfg = Release|Any CPU
		{AC400458-A998-4D85-8C2B-5F1194CFDB8A}.ReleaseNet40|Mixed Platforms.ActiveCfg = Release|x86
		{AC400458-A998-4D85-8C2B-5F1194CFDB8A}.ReleaseNet40|x86.ActiveCfg = Release|x86
		{40B1AFB4-3020-4317-9E17-1D76B07E106E}.Debug|Any CPU.ActiveCfg = Debug|Any CPU
		{40B1AFB4-3020-4317-9E17-1D76B07E106E}.Debug|Any CPU.Build.0 = Debug|Any CPU
		{40B1AFB4-3020-4317-9E17-1D76B07E106E}.Debug|Mixed Platforms.ActiveCfg = Debug|Any CPU
		{40B1AFB4-3020-4317-9E17-1D76B07E106E}.Debug|Mixed Platforms.Build.0 = Debug|Any CPU
		{40B1AFB4-3020-4317-9E17-1D76B07E106E}.Debug|x86.ActiveCfg = Debug|x86
		{40B1AFB4-3020-4317-9E17-1D76B07E106E}.Debug|x86.Build.0 = Debug|x86
		{40B1AFB4-3020-4317-9E17-1D76B07E106E}.DebugNet40|Any CPU.ActiveCfg = Debug|Any CPU
		{40B1AFB4-3020-4317-9E17-1D76B07E106E}.DebugNet40|Mixed Platforms.ActiveCfg = Debug|x86
		{40B1AFB4-3020-4317-9E17-1D76B07E106E}.DebugNet40|x86.ActiveCfg = Debug|x86
		{40B1AFB4-3020-4317-9E17-1D76B07E106E}.Development|Any CPU.ActiveCfg = Debug|Any CPU
		{40B1AFB4-3020-4317-9E17-1D76B07E106E}.Development|Mixed Platforms.ActiveCfg = Debug|x86
		{40B1AFB4-3020-4317-9E17-1D76B07E106E}.Development|x86.ActiveCfg = Debug|x86
		{40B1AFB4-3020-4317-9E17-1D76B07E106E}.Release|Any CPU.ActiveCfg = Release|Any CPU
		{40B1AFB4-3020-4317-9E17-1D76B07E106E}.Release|Any CPU.Build.0 = Release|Any CPU
		{40B1AFB4-3020-4317-9E17-1D76B07E106E}.Release|Mixed Platforms.ActiveCfg = Release|Any CPU
		{40B1AFB4-3020-4317-9E17-1D76B07E106E}.Release|Mixed Platforms.Build.0 = Release|Any CPU
		{40B1AFB4-3020-4317-9E17-1D76B07E106E}.Release|x86.ActiveCfg = Release|x86
		{40B1AFB4-3020-4317-9E17-1D76B07E106E}.Release|x86.Build.0 = Release|x86
		{40B1AFB4-3020-4317-9E17-1D76B07E106E}.ReleaseNet40|Any CPU.ActiveCfg = Release|Any CPU
		{40B1AFB4-3020-4317-9E17-1D76B07E106E}.ReleaseNet40|Mixed Platforms.ActiveCfg = Release|x86
		{40B1AFB4-3020-4317-9E17-1D76B07E106E}.ReleaseNet40|x86.ActiveCfg = Release|x86
		{EBA0B8A0-6C00-44C2-A8F0-394069B9486B}.Debug|Any CPU.ActiveCfg = Debug|Any CPU
		{EBA0B8A0-6C00-44C2-A8F0-394069B9486B}.Debug|Any CPU.Build.0 = Debug|Any CPU
		{EBA0B8A0-6C00-44C2-A8F0-394069B9486B}.Debug|Mixed Platforms.ActiveCfg = Debug|x86
		{EBA0B8A0-6C00-44C2-A8F0-394069B9486B}.Debug|Mixed Platforms.Build.0 = Debug|x86
		{EBA0B8A0-6C00-44C2-A8F0-394069B9486B}.Debug|x86.ActiveCfg = Debug|x86
		{EBA0B8A0-6C00-44C2-A8F0-394069B9486B}.Debug|x86.Build.0 = Debug|x86
		{EBA0B8A0-6C00-44C2-A8F0-394069B9486B}.DebugNet40|Any CPU.ActiveCfg = Debug|Any CPU
		{EBA0B8A0-6C00-44C2-A8F0-394069B9486B}.DebugNet40|Any CPU.Build.0 = Debug|Any CPU
		{EBA0B8A0-6C00-44C2-A8F0-394069B9486B}.DebugNet40|Mixed Platforms.ActiveCfg = Debug|x86
		{EBA0B8A0-6C00-44C2-A8F0-394069B9486B}.DebugNet40|Mixed Platforms.Build.0 = Debug|x86
		{EBA0B8A0-6C00-44C2-A8F0-394069B9486B}.DebugNet40|x86.ActiveCfg = Debug|x86
		{EBA0B8A0-6C00-44C2-A8F0-394069B9486B}.DebugNet40|x86.Build.0 = Debug|x86
		{EBA0B8A0-6C00-44C2-A8F0-394069B9486B}.Development|Any CPU.ActiveCfg = Debug|Any CPU
		{EBA0B8A0-6C00-44C2-A8F0-394069B9486B}.Development|Any CPU.Build.0 = Debug|Any CPU
		{EBA0B8A0-6C00-44C2-A8F0-394069B9486B}.Development|Mixed Platforms.ActiveCfg = Debug|x86
		{EBA0B8A0-6C00-44C2-A8F0-394069B9486B}.Development|Mixed Platforms.Build.0 = Debug|x86
		{EBA0B8A0-6C00-44C2-A8F0-394069B9486B}.Development|x86.ActiveCfg = Debug|x86
		{EBA0B8A0-6C00-44C2-A8F0-394069B9486B}.Development|x86.Build.0 = Debug|x86
		{EBA0B8A0-6C00-44C2-A8F0-394069B9486B}.Release|Any CPU.ActiveCfg = Release|Any CPU
		{EBA0B8A0-6C00-44C2-A8F0-394069B9486B}.Release|Any CPU.Build.0 = Release|Any CPU
		{EBA0B8A0-6C00-44C2-A8F0-394069B9486B}.Release|Mixed Platforms.ActiveCfg = Release|x86
		{EBA0B8A0-6C00-44C2-A8F0-394069B9486B}.Release|Mixed Platforms.Build.0 = Release|x86
		{EBA0B8A0-6C00-44C2-A8F0-394069B9486B}.Release|x86.ActiveCfg = Release|x86
		{EBA0B8A0-6C00-44C2-A8F0-394069B9486B}.Release|x86.Build.0 = Release|x86
		{EBA0B8A0-6C00-44C2-A8F0-394069B9486B}.ReleaseNet40|Any CPU.ActiveCfg = Release|Any CPU
		{EBA0B8A0-6C00-44C2-A8F0-394069B9486B}.ReleaseNet40|Any CPU.Build.0 = Release|Any CPU
		{EBA0B8A0-6C00-44C2-A8F0-394069B9486B}.ReleaseNet40|Mixed Platforms.ActiveCfg = Release|x86
		{EBA0B8A0-6C00-44C2-A8F0-394069B9486B}.ReleaseNet40|Mixed Platforms.Build.0 = Release|x86
		{EBA0B8A0-6C00-44C2-A8F0-394069B9486B}.ReleaseNet40|x86.ActiveCfg = Release|x86
		{EBA0B8A0-6C00-44C2-A8F0-394069B9486B}.ReleaseNet40|x86.Build.0 = Release|x86
		{67CBC824-A49E-4E9B-A947-360F3DFE65C3}.Debug|Any CPU.ActiveCfg = Debug|Any CPU
		{67CBC824-A49E-4E9B-A947-360F3DFE65C3}.Debug|Mixed Platforms.ActiveCfg = Debug|Any CPU
		{67CBC824-A49E-4E9B-A947-360F3DFE65C3}.Debug|x86.ActiveCfg = Debug|Any CPU
		{67CBC824-A49E-4E9B-A947-360F3DFE65C3}.DebugNet40|Any CPU.ActiveCfg = Debug|Any CPU
		{67CBC824-A49E-4E9B-A947-360F3DFE65C3}.DebugNet40|Mixed Platforms.ActiveCfg = Debug|Any CPU
		{67CBC824-A49E-4E9B-A947-360F3DFE65C3}.DebugNet40|x86.ActiveCfg = Debug|Any CPU
		{67CBC824-A49E-4E9B-A947-360F3DFE65C3}.Development|Any CPU.ActiveCfg = Debug|Any CPU
		{67CBC824-A49E-4E9B-A947-360F3DFE65C3}.Development|Mixed Platforms.ActiveCfg = Debug|Any CPU
		{67CBC824-A49E-4E9B-A947-360F3DFE65C3}.Development|x86.ActiveCfg = Debug|Any CPU
		{67CBC824-A49E-4E9B-A947-360F3DFE65C3}.Release|Any CPU.ActiveCfg = Release|Any CPU
		{67CBC824-A49E-4E9B-A947-360F3DFE65C3}.Release|Mixed Platforms.ActiveCfg = Release|Any CPU
		{67CBC824-A49E-4E9B-A947-360F3DFE65C3}.Release|x86.ActiveCfg = Release|Any CPU
		{67CBC824-A49E-4E9B-A947-360F3DFE65C3}.ReleaseNet40|Any CPU.ActiveCfg = Release|Any CPU
		{67CBC824-A49E-4E9B-A947-360F3DFE65C3}.ReleaseNet40|Mixed Platforms.ActiveCfg = Release|Any CPU
		{67CBC824-A49E-4E9B-A947-360F3DFE65C3}.ReleaseNet40|x86.ActiveCfg = Release|Any CPU
		{08B3CC54-2DD7-4F12-BD82-33C81E7581AC}.Debug|Any CPU.ActiveCfg = Debug|Any CPU
		{08B3CC54-2DD7-4F12-BD82-33C81E7581AC}.Debug|Any CPU.Build.0 = Debug|Any CPU
		{08B3CC54-2DD7-4F12-BD82-33C81E7581AC}.Debug|Mixed Platforms.ActiveCfg = Debug|Any CPU
		{08B3CC54-2DD7-4F12-BD82-33C81E7581AC}.Debug|Mixed Platforms.Build.0 = Debug|Any CPU
		{08B3CC54-2DD7-4F12-BD82-33C81E7581AC}.Debug|x86.ActiveCfg = Debug|Any CPU
		{08B3CC54-2DD7-4F12-BD82-33C81E7581AC}.DebugNet40|Any CPU.ActiveCfg = Debug|Any CPU
		{08B3CC54-2DD7-4F12-BD82-33C81E7581AC}.DebugNet40|Mixed Platforms.ActiveCfg = Debug|Any CPU
		{08B3CC54-2DD7-4F12-BD82-33C81E7581AC}.DebugNet40|x86.ActiveCfg = Debug|Any CPU
		{08B3CC54-2DD7-4F12-BD82-33C81E7581AC}.Development|Any CPU.ActiveCfg = Debug|Any CPU
		{08B3CC54-2DD7-4F12-BD82-33C81E7581AC}.Development|Mixed Platforms.ActiveCfg = Debug|Any CPU
		{08B3CC54-2DD7-4F12-BD82-33C81E7581AC}.Development|x86.ActiveCfg = Debug|Any CPU
		{08B3CC54-2DD7-4F12-BD82-33C81E7581AC}.Release|Any CPU.ActiveCfg = Release|Any CPU
		{08B3CC54-2DD7-4F12-BD82-33C81E7581AC}.Release|Any CPU.Build.0 = Release|Any CPU
		{08B3CC54-2DD7-4F12-BD82-33C81E7581AC}.Release|Mixed Platforms.ActiveCfg = Release|Any CPU
		{08B3CC54-2DD7-4F12-BD82-33C81E7581AC}.Release|Mixed Platforms.Build.0 = Release|Any CPU
		{08B3CC54-2DD7-4F12-BD82-33C81E7581AC}.Release|x86.ActiveCfg = Release|Any CPU
		{08B3CC54-2DD7-4F12-BD82-33C81E7581AC}.ReleaseNet40|Any CPU.ActiveCfg = Release|Any CPU
		{08B3CC54-2DD7-4F12-BD82-33C81E7581AC}.ReleaseNet40|Mixed Platforms.ActiveCfg = Release|Any CPU
		{08B3CC54-2DD7-4F12-BD82-33C81E7581AC}.ReleaseNet40|x86.ActiveCfg = Release|Any CPU
		{87074EFD-4DB4-4D00-9EEA-02D13D97732C}.Debug|Any CPU.ActiveCfg = Debug|x86
		{87074EFD-4DB4-4D00-9EEA-02D13D97732C}.Debug|Mixed Platforms.ActiveCfg = Debug|x86
		{87074EFD-4DB4-4D00-9EEA-02D13D97732C}.Debug|Mixed Platforms.Build.0 = Debug|x86
		{87074EFD-4DB4-4D00-9EEA-02D13D97732C}.Debug|x86.ActiveCfg = Debug|x86
		{87074EFD-4DB4-4D00-9EEA-02D13D97732C}.DebugNet40|Any CPU.ActiveCfg = Debug|x86
		{87074EFD-4DB4-4D00-9EEA-02D13D97732C}.DebugNet40|Mixed Platforms.ActiveCfg = Debug|x86
		{87074EFD-4DB4-4D00-9EEA-02D13D97732C}.DebugNet40|Mixed Platforms.Build.0 = Debug|x86
		{87074EFD-4DB4-4D00-9EEA-02D13D97732C}.DebugNet40|x86.ActiveCfg = Debug|x86
		{87074EFD-4DB4-4D00-9EEA-02D13D97732C}.DebugNet40|x86.Build.0 = Debug|x86
		{87074EFD-4DB4-4D00-9EEA-02D13D97732C}.Development|Any CPU.ActiveCfg = Debug|x86
		{87074EFD-4DB4-4D00-9EEA-02D13D97732C}.Development|Mixed Platforms.ActiveCfg = Debug|x86
		{87074EFD-4DB4-4D00-9EEA-02D13D97732C}.Development|Mixed Platforms.Build.0 = Debug|x86
		{87074EFD-4DB4-4D00-9EEA-02D13D97732C}.Development|x86.ActiveCfg = Debug|x86
		{87074EFD-4DB4-4D00-9EEA-02D13D97732C}.Development|x86.Build.0 = Debug|x86
		{87074EFD-4DB4-4D00-9EEA-02D13D97732C}.Release|Any CPU.ActiveCfg = Release|x86
		{87074EFD-4DB4-4D00-9EEA-02D13D97732C}.Release|Mixed Platforms.ActiveCfg = Release|x86
		{87074EFD-4DB4-4D00-9EEA-02D13D97732C}.Release|Mixed Platforms.Build.0 = Release|x86
		{87074EFD-4DB4-4D00-9EEA-02D13D97732C}.Release|x86.ActiveCfg = Release|x86
		{87074EFD-4DB4-4D00-9EEA-02D13D97732C}.ReleaseNet40|Any CPU.ActiveCfg = Release|x86
		{87074EFD-4DB4-4D00-9EEA-02D13D97732C}.ReleaseNet40|Mixed Platforms.ActiveCfg = Release|x86
		{87074EFD-4DB4-4D00-9EEA-02D13D97732C}.ReleaseNet40|Mixed Platforms.Build.0 = Release|x86
		{87074EFD-4DB4-4D00-9EEA-02D13D97732C}.ReleaseNet40|x86.ActiveCfg = Release|x86
		{87074EFD-4DB4-4D00-9EEA-02D13D97732C}.ReleaseNet40|x86.Build.0 = Release|x86
		{CB5F9A00-0006-4EE5-BECE-454022A692E2}.Debug|Any CPU.ActiveCfg = Debug|Any CPU
		{CB5F9A00-0006-4EE5-BECE-454022A692E2}.Debug|Any CPU.Build.0 = Debug|Any CPU
		{CB5F9A00-0006-4EE5-BECE-454022A692E2}.Debug|Mixed Platforms.ActiveCfg = Debug|Any CPU
		{CB5F9A00-0006-4EE5-BECE-454022A692E2}.Debug|Mixed Platforms.Build.0 = Debug|Any CPU
		{CB5F9A00-0006-4EE5-BECE-454022A692E2}.Debug|x86.ActiveCfg = Debug|Any CPU
		{CB5F9A00-0006-4EE5-BECE-454022A692E2}.DebugNet40|Any CPU.ActiveCfg = Debug|Any CPU
		{CB5F9A00-0006-4EE5-BECE-454022A692E2}.DebugNet40|Mixed Platforms.ActiveCfg = Debug|Any CPU
		{CB5F9A00-0006-4EE5-BECE-454022A692E2}.DebugNet40|x86.ActiveCfg = Debug|Any CPU
		{CB5F9A00-0006-4EE5-BECE-454022A692E2}.Development|Any CPU.ActiveCfg = Debug|Any CPU
		{CB5F9A00-0006-4EE5-BECE-454022A692E2}.Development|Any CPU.Build.0 = Debug|Any CPU
		{CB5F9A00-0006-4EE5-BECE-454022A692E2}.Development|Mixed Platforms.ActiveCfg = Debug|Any CPU
		{CB5F9A00-0006-4EE5-BECE-454022A692E2}.Development|Mixed Platforms.Build.0 = Debug|Any CPU
		{CB5F9A00-0006-4EE5-BECE-454022A692E2}.Development|x86.ActiveCfg = Debug|Any CPU
		{CB5F9A00-0006-4EE5-BECE-454022A692E2}.Release|Any CPU.ActiveCfg = Release|Any CPU
		{CB5F9A00-0006-4EE5-BECE-454022A692E2}.Release|Any CPU.Build.0 = Release|Any CPU
		{CB5F9A00-0006-4EE5-BECE-454022A692E2}.Release|Mixed Platforms.ActiveCfg = Release|Any CPU
		{CB5F9A00-0006-4EE5-BECE-454022A692E2}.Release|Mixed Platforms.Build.0 = Release|Any CPU
		{CB5F9A00-0006-4EE5-BECE-454022A692E2}.Release|x86.ActiveCfg = Release|Any CPU
		{CB5F9A00-0006-4EE5-BECE-454022A692E2}.ReleaseNet40|Any CPU.ActiveCfg = Release|Any CPU
		{CB5F9A00-0006-4EE5-BECE-454022A692E2}.ReleaseNet40|Mixed Platforms.ActiveCfg = Release|Any CPU
		{CB5F9A00-0006-4EE5-BECE-454022A692E2}.ReleaseNet40|x86.ActiveCfg = Release|Any CPU
		{D4B9A58F-F9DA-498D-8423-D00FAE4E1567}.Debug|Any CPU.ActiveCfg = Debug|Any CPU
		{D4B9A58F-F9DA-498D-8423-D00FAE4E1567}.Debug|Any CPU.Build.0 = Debug|Any CPU
		{D4B9A58F-F9DA-498D-8423-D00FAE4E1567}.Debug|Mixed Platforms.ActiveCfg = Debug|Any CPU
		{D4B9A58F-F9DA-498D-8423-D00FAE4E1567}.Debug|Mixed Platforms.Build.0 = Debug|Any CPU
		{D4B9A58F-F9DA-498D-8423-D00FAE4E1567}.Debug|x86.ActiveCfg = Debug|Any CPU
		{D4B9A58F-F9DA-498D-8423-D00FAE4E1567}.DebugNet40|Any CPU.ActiveCfg = Debug|Any CPU
		{D4B9A58F-F9DA-498D-8423-D00FAE4E1567}.DebugNet40|Mixed Platforms.ActiveCfg = Debug|Any CPU
		{D4B9A58F-F9DA-498D-8423-D00FAE4E1567}.DebugNet40|x86.ActiveCfg = Debug|Any CPU
		{D4B9A58F-F9DA-498D-8423-D00FAE4E1567}.Development|Any CPU.ActiveCfg = Debug|Any CPU
		{D4B9A58F-F9DA-498D-8423-D00FAE4E1567}.Development|Any CPU.Build.0 = Debug|Any CPU
		{D4B9A58F-F9DA-498D-8423-D00FAE4E1567}.Development|Mixed Platforms.ActiveCfg = Debug|Any CPU
		{D4B9A58F-F9DA-498D-8423-D00FAE4E1567}.Development|Mixed Platforms.Build.0 = Debug|Any CPU
		{D4B9A58F-F9DA-498D-8423-D00FAE4E1567}.Development|x86.ActiveCfg = Debug|Any CPU
		{D4B9A58F-F9DA-498D-8423-D00FAE4E1567}.Release|Any CPU.ActiveCfg = Release|Any CPU
		{D4B9A58F-F9DA-498D-8423-D00FAE4E1567}.Release|Any CPU.Build.0 = Release|Any CPU
		{D4B9A58F-F9DA-498D-8423-D00FAE4E1567}.Release|Mixed Platforms.ActiveCfg = Release|Any CPU
		{D4B9A58F-F9DA-498D-8423-D00FAE4E1567}.Release|Mixed Platforms.Build.0 = Release|Any CPU
		{D4B9A58F-F9DA-498D-8423-D00FAE4E1567}.Release|x86.ActiveCfg = Release|Any CPU
		{D4B9A58F-F9DA-498D-8423-D00FAE4E1567}.ReleaseNet40|Any CPU.ActiveCfg = Release|Any CPU
		{D4B9A58F-F9DA-498D-8423-D00FAE4E1567}.ReleaseNet40|Mixed Platforms.ActiveCfg = Release|Any CPU
		{D4B9A58F-F9DA-498D-8423-D00FAE4E1567}.ReleaseNet40|x86.ActiveCfg = Release|Any CPU
		{DD2CBC60-D92D-456D-9275-2992BD1091CE}.Debug|Any CPU.ActiveCfg = Debug|Any CPU
		{DD2CBC60-D92D-456D-9275-2992BD1091CE}.Debug|Mixed Platforms.ActiveCfg = Debug|x86
		{DD2CBC60-D92D-456D-9275-2992BD1091CE}.Debug|Mixed Platforms.Build.0 = Debug|x86
		{DD2CBC60-D92D-456D-9275-2992BD1091CE}.Debug|x86.ActiveCfg = Debug|x86
		{DD2CBC60-D92D-456D-9275-2992BD1091CE}.Debug|x86.Build.0 = Debug|x86
		{DD2CBC60-D92D-456D-9275-2992BD1091CE}.DebugNet40|Any CPU.ActiveCfg = Debug|Any CPU
		{DD2CBC60-D92D-456D-9275-2992BD1091CE}.DebugNet40|Any CPU.Build.0 = Debug|Any CPU
		{DD2CBC60-D92D-456D-9275-2992BD1091CE}.DebugNet40|Mixed Platforms.ActiveCfg = Debug|x86
		{DD2CBC60-D92D-456D-9275-2992BD1091CE}.DebugNet40|Mixed Platforms.Build.0 = Debug|x86
		{DD2CBC60-D92D-456D-9275-2992BD1091CE}.DebugNet40|x86.ActiveCfg = Debug|x86
		{DD2CBC60-D92D-456D-9275-2992BD1091CE}.DebugNet40|x86.Build.0 = Debug|x86
		{DD2CBC60-D92D-456D-9275-2992BD1091CE}.Development|Any CPU.ActiveCfg = Debug|Any CPU
		{DD2CBC60-D92D-456D-9275-2992BD1091CE}.Development|Any CPU.Build.0 = Debug|Any CPU
		{DD2CBC60-D92D-456D-9275-2992BD1091CE}.Development|Mixed Platforms.ActiveCfg = Debug|x86
		{DD2CBC60-D92D-456D-9275-2992BD1091CE}.Development|Mixed Platforms.Build.0 = Debug|x86
		{DD2CBC60-D92D-456D-9275-2992BD1091CE}.Development|x86.ActiveCfg = Debug|x86
		{DD2CBC60-D92D-456D-9275-2992BD1091CE}.Development|x86.Build.0 = Debug|x86
		{DD2CBC60-D92D-456D-9275-2992BD1091CE}.Release|Any CPU.ActiveCfg = Release|x86
		{DD2CBC60-D92D-456D-9275-2992BD1091CE}.Release|Any CPU.Build.0 = Release|x86
		{DD2CBC60-D92D-456D-9275-2992BD1091CE}.Release|Mixed Platforms.ActiveCfg = Release|x86
		{DD2CBC60-D92D-456D-9275-2992BD1091CE}.Release|Mixed Platforms.Build.0 = Release|x86
		{DD2CBC60-D92D-456D-9275-2992BD1091CE}.Release|x86.ActiveCfg = Release|x86
		{DD2CBC60-D92D-456D-9275-2992BD1091CE}.Release|x86.Build.0 = Release|x86
		{DD2CBC60-D92D-456D-9275-2992BD1091CE}.ReleaseNet40|Any CPU.ActiveCfg = Release|Any CPU
		{DD2CBC60-D92D-456D-9275-2992BD1091CE}.ReleaseNet40|Any CPU.Build.0 = Release|Any CPU
		{DD2CBC60-D92D-456D-9275-2992BD1091CE}.ReleaseNet40|Mixed Platforms.ActiveCfg = Release|x86
		{DD2CBC60-D92D-456D-9275-2992BD1091CE}.ReleaseNet40|Mixed Platforms.Build.0 = Release|x86
		{DD2CBC60-D92D-456D-9275-2992BD1091CE}.ReleaseNet40|x86.ActiveCfg = Release|x86
		{DD2CBC60-D92D-456D-9275-2992BD1091CE}.ReleaseNet40|x86.Build.0 = Release|x86
		{92D48572-D2E5-42B1-AA75-AA91AA82403A}.Debug|Any CPU.ActiveCfg = Debug
		{92D48572-D2E5-42B1-AA75-AA91AA82403A}.Debug|Mixed Platforms.ActiveCfg = Debug
		{92D48572-D2E5-42B1-AA75-AA91AA82403A}.Debug|x86.ActiveCfg = Debug
		{92D48572-D2E5-42B1-AA75-AA91AA82403A}.DebugNet40|Any CPU.ActiveCfg = Debug
		{92D48572-D2E5-42B1-AA75-AA91AA82403A}.DebugNet40|Mixed Platforms.ActiveCfg = Debug
		{92D48572-D2E5-42B1-AA75-AA91AA82403A}.DebugNet40|x86.ActiveCfg = Debug
		{92D48572-D2E5-42B1-AA75-AA91AA82403A}.Development|Any CPU.ActiveCfg = Debug
		{92D48572-D2E5-42B1-AA75-AA91AA82403A}.Development|Mixed Platforms.ActiveCfg = Debug
		{92D48572-D2E5-42B1-AA75-AA91AA82403A}.Development|x86.ActiveCfg = Debug
		{92D48572-D2E5-42B1-AA75-AA91AA82403A}.Release|Any CPU.ActiveCfg = Release
		{92D48572-D2E5-42B1-AA75-AA91AA82403A}.Release|Mixed Platforms.ActiveCfg = Release
		{92D48572-D2E5-42B1-AA75-AA91AA82403A}.Release|x86.ActiveCfg = Release
		{92D48572-D2E5-42B1-AA75-AA91AA82403A}.ReleaseNet40|Any CPU.ActiveCfg = Release
		{92D48572-D2E5-42B1-AA75-AA91AA82403A}.ReleaseNet40|Mixed Platforms.ActiveCfg = Release
		{92D48572-D2E5-42B1-AA75-AA91AA82403A}.ReleaseNet40|x86.ActiveCfg = Release
		{68923ED6-4FF7-46B2-AF3C-2FB8A248C88E}.Debug|Any CPU.ActiveCfg = Debug|Any CPU
		{68923ED6-4FF7-46B2-AF3C-2FB8A248C88E}.Debug|Mixed Platforms.ActiveCfg = Debug|Any CPU
		{68923ED6-4FF7-46B2-AF3C-2FB8A248C88E}.Debug|Mixed Platforms.Build.0 = Debug|Any CPU
		{68923ED6-4FF7-46B2-AF3C-2FB8A248C88E}.Debug|x86.ActiveCfg = Debug|Any CPU
		{68923ED6-4FF7-46B2-AF3C-2FB8A248C88E}.DebugNet40|Any CPU.ActiveCfg = Debug|Any CPU
		{68923ED6-4FF7-46B2-AF3C-2FB8A248C88E}.DebugNet40|Mixed Platforms.ActiveCfg = Debug|Any CPU
		{68923ED6-4FF7-46B2-AF3C-2FB8A248C88E}.DebugNet40|x86.ActiveCfg = Debug|Any CPU
		{68923ED6-4FF7-46B2-AF3C-2FB8A248C88E}.Development|Any CPU.ActiveCfg = Debug|Any CPU
		{68923ED6-4FF7-46B2-AF3C-2FB8A248C88E}.Development|Mixed Platforms.ActiveCfg = Debug|Any CPU
		{68923ED6-4FF7-46B2-AF3C-2FB8A248C88E}.Development|x86.ActiveCfg = Debug|Any CPU
		{68923ED6-4FF7-46B2-AF3C-2FB8A248C88E}.Release|Any CPU.ActiveCfg = Release|Any CPU
		{68923ED6-4FF7-46B2-AF3C-2FB8A248C88E}.Release|Mixed Platforms.ActiveCfg = Release|Any CPU
		{68923ED6-4FF7-46B2-AF3C-2FB8A248C88E}.Release|Mixed Platforms.Build.0 = Release|Any CPU
		{68923ED6-4FF7-46B2-AF3C-2FB8A248C88E}.Release|x86.ActiveCfg = Release|Any CPU
		{68923ED6-4FF7-46B2-AF3C-2FB8A248C88E}.ReleaseNet40|Any CPU.ActiveCfg = Release|Any CPU
		{68923ED6-4FF7-46B2-AF3C-2FB8A248C88E}.ReleaseNet40|Mixed Platforms.ActiveCfg = Release|Any CPU
		{68923ED6-4FF7-46B2-AF3C-2FB8A248C88E}.ReleaseNet40|x86.ActiveCfg = Release|Any CPU
		{488A8425-1994-4438-AED3-0C30C0FB1EA8}.Debug|Any CPU.ActiveCfg = Debug|x86
		{488A8425-1994-4438-AED3-0C30C0FB1EA8}.Debug|Mixed Platforms.ActiveCfg = Debug|x86
		{488A8425-1994-4438-AED3-0C30C0FB1EA8}.Debug|Mixed Platforms.Build.0 = Debug|x86
		{488A8425-1994-4438-AED3-0C30C0FB1EA8}.Debug|x86.ActiveCfg = Debug|x86
		{488A8425-1994-4438-AED3-0C30C0FB1EA8}.Debug|x86.Build.0 = Debug|x86
		{488A8425-1994-4438-AED3-0C30C0FB1EA8}.DebugNet40|Any CPU.ActiveCfg = Debug|x86
		{488A8425-1994-4438-AED3-0C30C0FB1EA8}.DebugNet40|Mixed Platforms.ActiveCfg = Debug|x86
		{488A8425-1994-4438-AED3-0C30C0FB1EA8}.DebugNet40|Mixed Platforms.Build.0 = Debug|x86
		{488A8425-1994-4438-AED3-0C30C0FB1EA8}.DebugNet40|x86.ActiveCfg = Debug|x86
		{488A8425-1994-4438-AED3-0C30C0FB1EA8}.DebugNet40|x86.Build.0 = Debug|x86
		{488A8425-1994-4438-AED3-0C30C0FB1EA8}.Development|Any CPU.ActiveCfg = Debug|x86
		{488A8425-1994-4438-AED3-0C30C0FB1EA8}.Development|Mixed Platforms.ActiveCfg = Debug|x86
		{488A8425-1994-4438-AED3-0C30C0FB1EA8}.Development|Mixed Platforms.Build.0 = Debug|x86
		{488A8425-1994-4438-AED3-0C30C0FB1EA8}.Development|x86.ActiveCfg = Debug|x86
		{488A8425-1994-4438-AED3-0C30C0FB1EA8}.Development|x86.Build.0 = Debug|x86
		{488A8425-1994-4438-AED3-0C30C0FB1EA8}.Release|Any CPU.ActiveCfg = Release|x86
		{488A8425-1994-4438-AED3-0C30C0FB1EA8}.Release|Any CPU.Build.0 = Release|x86
		{488A8425-1994-4438-AED3-0C30C0FB1EA8}.Release|Mixed Platforms.ActiveCfg = Release|x86
		{488A8425-1994-4438-AED3-0C30C0FB1EA8}.Release|Mixed Platforms.Build.0 = Release|x86
		{488A8425-1994-4438-AED3-0C30C0FB1EA8}.Release|x86.ActiveCfg = Release|x86
		{488A8425-1994-4438-AED3-0C30C0FB1EA8}.Release|x86.Build.0 = Release|x86
		{488A8425-1994-4438-AED3-0C30C0FB1EA8}.ReleaseNet40|Any CPU.ActiveCfg = Release|x86
		{488A8425-1994-4438-AED3-0C30C0FB1EA8}.ReleaseNet40|Mixed Platforms.ActiveCfg = Release|x86
		{488A8425-1994-4438-AED3-0C30C0FB1EA8}.ReleaseNet40|Mixed Platforms.Build.0 = Release|x86
		{488A8425-1994-4438-AED3-0C30C0FB1EA8}.ReleaseNet40|x86.ActiveCfg = Release|x86
		{488A8425-1994-4438-AED3-0C30C0FB1EA8}.ReleaseNet40|x86.Build.0 = Release|x86
		{8B44C189-86C3-4DF4-80BB-D23E6657ACB2}.Debug|Any CPU.ActiveCfg = Debug|Any CPU
		{8B44C189-86C3-4DF4-80BB-D23E6657ACB2}.Debug|Any CPU.Build.0 = Debug|Any CPU
		{8B44C189-86C3-4DF4-80BB-D23E6657ACB2}.Debug|Mixed Platforms.ActiveCfg = Debug|Any CPU
		{8B44C189-86C3-4DF4-80BB-D23E6657ACB2}.Debug|Mixed Platforms.Build.0 = Debug|Any CPU
		{8B44C189-86C3-4DF4-80BB-D23E6657ACB2}.Debug|x86.ActiveCfg = Debug|Any CPU
		{8B44C189-86C3-4DF4-80BB-D23E6657ACB2}.DebugNet40|Any CPU.ActiveCfg = Debug|Any CPU
		{8B44C189-86C3-4DF4-80BB-D23E6657ACB2}.DebugNet40|Any CPU.Build.0 = Debug|Any CPU
		{8B44C189-86C3-4DF4-80BB-D23E6657ACB2}.DebugNet40|Mixed Platforms.ActiveCfg = Debug|Any CPU
		{8B44C189-86C3-4DF4-80BB-D23E6657ACB2}.DebugNet40|Mixed Platforms.Build.0 = Debug|Any CPU
		{8B44C189-86C3-4DF4-80BB-D23E6657ACB2}.DebugNet40|x86.ActiveCfg = Debug|Any CPU
		{8B44C189-86C3-4DF4-80BB-D23E6657ACB2}.Development|Any CPU.ActiveCfg = Debug|Any CPU
		{8B44C189-86C3-4DF4-80BB-D23E6657ACB2}.Development|Any CPU.Build.0 = Debug|Any CPU
		{8B44C189-86C3-4DF4-80BB-D23E6657ACB2}.Development|Mixed Platforms.ActiveCfg = Debug|Any CPU
		{8B44C189-86C3-4DF4-80BB-D23E6657ACB2}.Development|Mixed Platforms.Build.0 = Debug|Any CPU
		{8B44C189-86C3-4DF4-80BB-D23E6657ACB2}.Development|x86.ActiveCfg = Debug|Any CPU
		{8B44C189-86C3-4DF4-80BB-D23E6657ACB2}.Release|Any CPU.ActiveCfg = Release|Any CPU
		{8B44C189-86C3-4DF4-80BB-D23E6657ACB2}.Release|Any CPU.Build.0 = Release|Any CPU
		{8B44C189-86C3-4DF4-80BB-D23E6657ACB2}.Release|Mixed Platforms.ActiveCfg = Release|Any CPU
		{8B44C189-86C3-4DF4-80BB-D23E6657ACB2}.Release|Mixed Platforms.Build.0 = Release|Any CPU
		{8B44C189-86C3-4DF4-80BB-D23E6657ACB2}.Release|x86.ActiveCfg = Release|Any CPU
		{8B44C189-86C3-4DF4-80BB-D23E6657ACB2}.ReleaseNet40|Any CPU.ActiveCfg = Release|Any CPU
		{8B44C189-86C3-4DF4-80BB-D23E6657ACB2}.ReleaseNet40|Any CPU.Build.0 = Release|Any CPU
		{8B44C189-86C3-4DF4-80BB-D23E6657ACB2}.ReleaseNet40|Mixed Platforms.ActiveCfg = Release|Any CPU
		{8B44C189-86C3-4DF4-80BB-D23E6657ACB2}.ReleaseNet40|Mixed Platforms.Build.0 = Release|Any CPU
		{8B44C189-86C3-4DF4-80BB-D23E6657ACB2}.ReleaseNet40|x86.ActiveCfg = Release|Any CPU
		{ECCED10D-7E4A-4FFE-814D-5090CBCE81BC}.Debug|Any CPU.ActiveCfg = Debug|Any CPU
		{ECCED10D-7E4A-4FFE-814D-5090CBCE81BC}.Debug|Any CPU.Build.0 = Debug|Any CPU
		{ECCED10D-7E4A-4FFE-814D-5090CBCE81BC}.Debug|Mixed Platforms.ActiveCfg = Debug|Any CPU
		{ECCED10D-7E4A-4FFE-814D-5090CBCE81BC}.Debug|Mixed Platforms.Build.0 = Debug|Any CPU
		{ECCED10D-7E4A-4FFE-814D-5090CBCE81BC}.Debug|x86.ActiveCfg = Debug|Any CPU
		{ECCED10D-7E4A-4FFE-814D-5090CBCE81BC}.DebugNet40|Any CPU.ActiveCfg = Debug|Any CPU
		{ECCED10D-7E4A-4FFE-814D-5090CBCE81BC}.DebugNet40|Mixed Platforms.ActiveCfg = Debug|Any CPU
		{ECCED10D-7E4A-4FFE-814D-5090CBCE81BC}.DebugNet40|x86.ActiveCfg = Debug|Any CPU
		{ECCED10D-7E4A-4FFE-814D-5090CBCE81BC}.Development|Any CPU.ActiveCfg = Debug|Any CPU
		{ECCED10D-7E4A-4FFE-814D-5090CBCE81BC}.Development|Mixed Platforms.ActiveCfg = Debug|Any CPU
		{ECCED10D-7E4A-4FFE-814D-5090CBCE81BC}.Development|x86.ActiveCfg = Debug|Any CPU
		{ECCED10D-7E4A-4FFE-814D-5090CBCE81BC}.Release|Any CPU.ActiveCfg = Release|Any CPU
		{ECCED10D-7E4A-4FFE-814D-5090CBCE81BC}.Release|Any CPU.Build.0 = Release|Any CPU
		{ECCED10D-7E4A-4FFE-814D-5090CBCE81BC}.Release|Mixed Platforms.ActiveCfg = Release|Any CPU
		{ECCED10D-7E4A-4FFE-814D-5090CBCE81BC}.Release|Mixed Platforms.Build.0 = Release|Any CPU
		{ECCED10D-7E4A-4FFE-814D-5090CBCE81BC}.Release|x86.ActiveCfg = Release|Any CPU
		{ECCED10D-7E4A-4FFE-814D-5090CBCE81BC}.ReleaseNet40|Any CPU.ActiveCfg = Release|Any CPU
		{ECCED10D-7E4A-4FFE-814D-5090CBCE81BC}.ReleaseNet40|Mixed Platforms.ActiveCfg = Release|Any CPU
		{ECCED10D-7E4A-4FFE-814D-5090CBCE81BC}.ReleaseNet40|x86.ActiveCfg = Release|Any CPU
		{317C89C4-9369-459D-B3FF-B47AE0BCD2F3}.Debug|Any CPU.ActiveCfg = Debug|Any CPU
		{317C89C4-9369-459D-B3FF-B47AE0BCD2F3}.Debug|Any CPU.Build.0 = Debug|Any CPU
		{317C89C4-9369-459D-B3FF-B47AE0BCD2F3}.Debug|Mixed Platforms.ActiveCfg = Debug|Any CPU
		{317C89C4-9369-459D-B3FF-B47AE0BCD2F3}.Debug|Mixed Platforms.Build.0 = Debug|Any CPU
		{317C89C4-9369-459D-B3FF-B47AE0BCD2F3}.Debug|x86.ActiveCfg = Debug|Any CPU
		{317C89C4-9369-459D-B3FF-B47AE0BCD2F3}.DebugNet40|Any CPU.ActiveCfg = Debug|Any CPU
		{317C89C4-9369-459D-B3FF-B47AE0BCD2F3}.DebugNet40|Any CPU.Build.0 = Debug|Any CPU
		{317C89C4-9369-459D-B3FF-B47AE0BCD2F3}.DebugNet40|Mixed Platforms.ActiveCfg = Debug|Any CPU
		{317C89C4-9369-459D-B3FF-B47AE0BCD2F3}.DebugNet40|Mixed Platforms.Build.0 = Debug|Any CPU
		{317C89C4-9369-459D-B3FF-B47AE0BCD2F3}.DebugNet40|x86.ActiveCfg = Debug|Any CPU
		{317C89C4-9369-459D-B3FF-B47AE0BCD2F3}.Development|Any CPU.ActiveCfg = Debug|Any CPU
		{317C89C4-9369-459D-B3FF-B47AE0BCD2F3}.Development|Any CPU.Build.0 = Debug|Any CPU
		{317C89C4-9369-459D-B3FF-B47AE0BCD2F3}.Development|Mixed Platforms.ActiveCfg = Debug|Any CPU
		{317C89C4-9369-459D-B3FF-B47AE0BCD2F3}.Development|Mixed Platforms.Build.0 = Debug|Any CPU
		{317C89C4-9369-459D-B3FF-B47AE0BCD2F3}.Development|x86.ActiveCfg = Debug|Any CPU
		{317C89C4-9369-459D-B3FF-B47AE0BCD2F3}.Release|Any CPU.ActiveCfg = Release|Any CPU
		{317C89C4-9369-459D-B3FF-B47AE0BCD2F3}.Release|Any CPU.Build.0 = Release|Any CPU
		{317C89C4-9369-459D-B3FF-B47AE0BCD2F3}.Release|Mixed Platforms.ActiveCfg = Release|Any CPU
		{317C89C4-9369-459D-B3FF-B47AE0BCD2F3}.Release|Mixed Platforms.Build.0 = Release|Any CPU
		{317C89C4-9369-459D-B3FF-B47AE0BCD2F3}.Release|x86.ActiveCfg = Release|Any CPU
		{317C89C4-9369-459D-B3FF-B47AE0BCD2F3}.ReleaseNet40|Any CPU.ActiveCfg = Release|Any CPU
		{317C89C4-9369-459D-B3FF-B47AE0BCD2F3}.ReleaseNet40|Any CPU.Build.0 = Release|Any CPU
		{317C89C4-9369-459D-B3FF-B47AE0BCD2F3}.ReleaseNet40|Mixed Platforms.ActiveCfg = Release|Any CPU
		{317C89C4-9369-459D-B3FF-B47AE0BCD2F3}.ReleaseNet40|Mixed Platforms.Build.0 = Release|Any CPU
		{317C89C4-9369-459D-B3FF-B47AE0BCD2F3}.ReleaseNet40|x86.ActiveCfg = Release|Any CPU
		{E70E7603-9840-4EC5-8740-78FBDAE4F79A}.Debug|Any CPU.ActiveCfg = Debug|Any CPU
		{E70E7603-9840-4EC5-8740-78FBDAE4F79A}.Debug|Any CPU.Build.0 = Debug|Any CPU
		{E70E7603-9840-4EC5-8740-78FBDAE4F79A}.Debug|Mixed Platforms.ActiveCfg = Debug|x86
		{E70E7603-9840-4EC5-8740-78FBDAE4F79A}.Debug|Mixed Platforms.Build.0 = Debug|x86
		{E70E7603-9840-4EC5-8740-78FBDAE4F79A}.Debug|x86.ActiveCfg = Debug|x86
		{E70E7603-9840-4EC5-8740-78FBDAE4F79A}.Debug|x86.Build.0 = Debug|x86
		{E70E7603-9840-4EC5-8740-78FBDAE4F79A}.DebugNet40|Any CPU.ActiveCfg = Debug|Any CPU
		{E70E7603-9840-4EC5-8740-78FBDAE4F79A}.DebugNet40|Any CPU.Build.0 = Debug|Any CPU
		{E70E7603-9840-4EC5-8740-78FBDAE4F79A}.DebugNet40|Mixed Platforms.ActiveCfg = Debug|x86
		{E70E7603-9840-4EC5-8740-78FBDAE4F79A}.DebugNet40|Mixed Platforms.Build.0 = Debug|x86
		{E70E7603-9840-4EC5-8740-78FBDAE4F79A}.DebugNet40|x86.ActiveCfg = Debug|x86
		{E70E7603-9840-4EC5-8740-78FBDAE4F79A}.DebugNet40|x86.Build.0 = Debug|x86
		{E70E7603-9840-4EC5-8740-78FBDAE4F79A}.Development|Any CPU.ActiveCfg = Debug|Any CPU
		{E70E7603-9840-4EC5-8740-78FBDAE4F79A}.Development|Any CPU.Build.0 = Debug|Any CPU
		{E70E7603-9840-4EC5-8740-78FBDAE4F79A}.Development|Mixed Platforms.ActiveCfg = Debug|x86
		{E70E7603-9840-4EC5-8740-78FBDAE4F79A}.Development|Mixed Platforms.Build.0 = Debug|x86
		{E70E7603-9840-4EC5-8740-78FBDAE4F79A}.Development|x86.ActiveCfg = Debug|x86
		{E70E7603-9840-4EC5-8740-78FBDAE4F79A}.Development|x86.Build.0 = Debug|x86
		{E70E7603-9840-4EC5-8740-78FBDAE4F79A}.Release|Any CPU.ActiveCfg = Release|Any CPU
		{E70E7603-9840-4EC5-8740-78FBDAE4F79A}.Release|Any CPU.Build.0 = Release|Any CPU
		{E70E7603-9840-4EC5-8740-78FBDAE4F79A}.Release|Mixed Platforms.ActiveCfg = Release|x86
		{E70E7603-9840-4EC5-8740-78FBDAE4F79A}.Release|Mixed Platforms.Build.0 = Release|x86
		{E70E7603-9840-4EC5-8740-78FBDAE4F79A}.Release|x86.ActiveCfg = Release|x86
		{E70E7603-9840-4EC5-8740-78FBDAE4F79A}.Release|x86.Build.0 = Release|x86
		{E70E7603-9840-4EC5-8740-78FBDAE4F79A}.ReleaseNet40|Any CPU.ActiveCfg = Release|Any CPU
		{E70E7603-9840-4EC5-8740-78FBDAE4F79A}.ReleaseNet40|Any CPU.Build.0 = Release|Any CPU
		{E70E7603-9840-4EC5-8740-78FBDAE4F79A}.ReleaseNet40|Mixed Platforms.ActiveCfg = Release|x86
		{E70E7603-9840-4EC5-8740-78FBDAE4F79A}.ReleaseNet40|Mixed Platforms.Build.0 = Release|x86
		{E70E7603-9840-4EC5-8740-78FBDAE4F79A}.ReleaseNet40|x86.ActiveCfg = Release|x86
		{E70E7603-9840-4EC5-8740-78FBDAE4F79A}.ReleaseNet40|x86.Build.0 = Release|x86
		{2D483363-F682-4556-AC15-914A65F57F7B}.Debug|Any CPU.ActiveCfg = Debug|Any CPU
		{2D483363-F682-4556-AC15-914A65F57F7B}.Debug|Any CPU.Build.0 = Debug|Any CPU
		{2D483363-F682-4556-AC15-914A65F57F7B}.Debug|Mixed Platforms.ActiveCfg = Debug|Any CPU
		{2D483363-F682-4556-AC15-914A65F57F7B}.Debug|Mixed Platforms.Build.0 = Debug|Any CPU
		{2D483363-F682-4556-AC15-914A65F57F7B}.Debug|x86.ActiveCfg = Debug|Any CPU
		{2D483363-F682-4556-AC15-914A65F57F7B}.DebugNet40|Any CPU.ActiveCfg = Debug|Any CPU
		{2D483363-F682-4556-AC15-914A65F57F7B}.DebugNet40|Mixed Platforms.ActiveCfg = Debug|Any CPU
		{2D483363-F682-4556-AC15-914A65F57F7B}.DebugNet40|x86.ActiveCfg = Debug|Any CPU
		{2D483363-F682-4556-AC15-914A65F57F7B}.Development|Any CPU.ActiveCfg = Debug|Any CPU
		{2D483363-F682-4556-AC15-914A65F57F7B}.Development|Mixed Platforms.ActiveCfg = Debug|Any CPU
		{2D483363-F682-4556-AC15-914A65F57F7B}.Development|x86.ActiveCfg = Debug|Any CPU
		{2D483363-F682-4556-AC15-914A65F57F7B}.Release|Any CPU.ActiveCfg = Release|Any CPU
		{2D483363-F682-4556-AC15-914A65F57F7B}.Release|Any CPU.Build.0 = Release|Any CPU
		{2D483363-F682-4556-AC15-914A65F57F7B}.Release|Mixed Platforms.ActiveCfg = Release|Any CPU
		{2D483363-F682-4556-AC15-914A65F57F7B}.Release|Mixed Platforms.Build.0 = Release|Any CPU
		{2D483363-F682-4556-AC15-914A65F57F7B}.Release|x86.ActiveCfg = Release|Any CPU
		{2D483363-F682-4556-AC15-914A65F57F7B}.ReleaseNet40|Any CPU.ActiveCfg = Release|Any CPU
		{2D483363-F682-4556-AC15-914A65F57F7B}.ReleaseNet40|Mixed Platforms.ActiveCfg = Release|Any CPU
		{2D483363-F682-4556-AC15-914A65F57F7B}.ReleaseNet40|x86.ActiveCfg = Release|Any CPU
		{5B59EE6B-7D2D-4BFA-AD23-814AC4F4A6AA}.Debug|Any CPU.ActiveCfg = Development
		{5B59EE6B-7D2D-4BFA-AD23-814AC4F4A6AA}.Debug|Any CPU.Build.0 = Development
		{5B59EE6B-7D2D-4BFA-AD23-814AC4F4A6AA}.Debug|Mixed Platforms.ActiveCfg = Development
		{5B59EE6B-7D2D-4BFA-AD23-814AC4F4A6AA}.Debug|Mixed Platforms.Build.0 = Development
		{5B59EE6B-7D2D-4BFA-AD23-814AC4F4A6AA}.Debug|Mixed Platforms.Deploy.0 = Development
		{5B59EE6B-7D2D-4BFA-AD23-814AC4F4A6AA}.Debug|x86.ActiveCfg = Development
		{5B59EE6B-7D2D-4BFA-AD23-814AC4F4A6AA}.Debug|x86.Build.0 = Development
		{5B59EE6B-7D2D-4BFA-AD23-814AC4F4A6AA}.Debug|x86.Deploy.0 = Development
		{5B59EE6B-7D2D-4BFA-AD23-814AC4F4A6AA}.DebugNet40|Any CPU.ActiveCfg = Development
		{5B59EE6B-7D2D-4BFA-AD23-814AC4F4A6AA}.DebugNet40|Any CPU.Build.0 = Development
		{5B59EE6B-7D2D-4BFA-AD23-814AC4F4A6AA}.DebugNet40|Any CPU.Deploy.0 = Development
		{5B59EE6B-7D2D-4BFA-AD23-814AC4F4A6AA}.DebugNet40|Mixed Platforms.ActiveCfg = Development
		{5B59EE6B-7D2D-4BFA-AD23-814AC4F4A6AA}.DebugNet40|Mixed Platforms.Build.0 = Development
		{5B59EE6B-7D2D-4BFA-AD23-814AC4F4A6AA}.DebugNet40|Mixed Platforms.Deploy.0 = Development
		{5B59EE6B-7D2D-4BFA-AD23-814AC4F4A6AA}.DebugNet40|x86.ActiveCfg = Development
		{5B59EE6B-7D2D-4BFA-AD23-814AC4F4A6AA}.DebugNet40|x86.Build.0 = Development
		{5B59EE6B-7D2D-4BFA-AD23-814AC4F4A6AA}.DebugNet40|x86.Deploy.0 = Development
		{5B59EE6B-7D2D-4BFA-AD23-814AC4F4A6AA}.Development|Any CPU.ActiveCfg = Development
		{5B59EE6B-7D2D-4BFA-AD23-814AC4F4A6AA}.Development|Any CPU.Build.0 = Development
		{5B59EE6B-7D2D-4BFA-AD23-814AC4F4A6AA}.Development|Any CPU.Deploy.0 = Development
		{5B59EE6B-7D2D-4BFA-AD23-814AC4F4A6AA}.Development|Mixed Platforms.ActiveCfg = Development
		{5B59EE6B-7D2D-4BFA-AD23-814AC4F4A6AA}.Development|Mixed Platforms.Build.0 = Development
		{5B59EE6B-7D2D-4BFA-AD23-814AC4F4A6AA}.Development|Mixed Platforms.Deploy.0 = Development
		{5B59EE6B-7D2D-4BFA-AD23-814AC4F4A6AA}.Development|x86.ActiveCfg = Development
		{5B59EE6B-7D2D-4BFA-AD23-814AC4F4A6AA}.Development|x86.Build.0 = Development
		{5B59EE6B-7D2D-4BFA-AD23-814AC4F4A6AA}.Development|x86.Deploy.0 = Development
		{5B59EE6B-7D2D-4BFA-AD23-814AC4F4A6AA}.Release|Any CPU.ActiveCfg = Development
		{5B59EE6B-7D2D-4BFA-AD23-814AC4F4A6AA}.Release|Any CPU.Build.0 = Development
		{5B59EE6B-7D2D-4BFA-AD23-814AC4F4A6AA}.Release|Any CPU.Deploy.0 = Development
		{5B59EE6B-7D2D-4BFA-AD23-814AC4F4A6AA}.Release|Mixed Platforms.ActiveCfg = Development
		{5B59EE6B-7D2D-4BFA-AD23-814AC4F4A6AA}.Release|Mixed Platforms.Build.0 = Development
		{5B59EE6B-7D2D-4BFA-AD23-814AC4F4A6AA}.Release|Mixed Platforms.Deploy.0 = Development
		{5B59EE6B-7D2D-4BFA-AD23-814AC4F4A6AA}.Release|x86.ActiveCfg = Development
		{5B59EE6B-7D2D-4BFA-AD23-814AC4F4A6AA}.Release|x86.Build.0 = Development
		{5B59EE6B-7D2D-4BFA-AD23-814AC4F4A6AA}.Release|x86.Deploy.0 = Development
		{5B59EE6B-7D2D-4BFA-AD23-814AC4F4A6AA}.ReleaseNet40|Any CPU.ActiveCfg = Development
		{5B59EE6B-7D2D-4BFA-AD23-814AC4F4A6AA}.ReleaseNet40|Any CPU.Build.0 = Development
		{5B59EE6B-7D2D-4BFA-AD23-814AC4F4A6AA}.ReleaseNet40|Any CPU.Deploy.0 = Development
		{5B59EE6B-7D2D-4BFA-AD23-814AC4F4A6AA}.ReleaseNet40|Mixed Platforms.ActiveCfg = Development
		{5B59EE6B-7D2D-4BFA-AD23-814AC4F4A6AA}.ReleaseNet40|Mixed Platforms.Build.0 = Development
		{5B59EE6B-7D2D-4BFA-AD23-814AC4F4A6AA}.ReleaseNet40|Mixed Platforms.Deploy.0 = Development
		{5B59EE6B-7D2D-4BFA-AD23-814AC4F4A6AA}.ReleaseNet40|x86.ActiveCfg = Development
		{5B59EE6B-7D2D-4BFA-AD23-814AC4F4A6AA}.ReleaseNet40|x86.Build.0 = Development
		{5B59EE6B-7D2D-4BFA-AD23-814AC4F4A6AA}.ReleaseNet40|x86.Deploy.0 = Development
		{8C46E662-0B96-4A28-BEB9-B3383A33E910}.Debug|Any CPU.ActiveCfg = Development
		{8C46E662-0B96-4A28-BEB9-B3383A33E910}.Debug|Any CPU.Build.0 = Development
		{8C46E662-0B96-4A28-BEB9-B3383A33E910}.Debug|Mixed Platforms.ActiveCfg = Development
		{8C46E662-0B96-4A28-BEB9-B3383A33E910}.Debug|Mixed Platforms.Build.0 = Development
		{8C46E662-0B96-4A28-BEB9-B3383A33E910}.Debug|x86.ActiveCfg = Development
		{8C46E662-0B96-4A28-BEB9-B3383A33E910}.Debug|x86.Build.0 = Development
		{8C46E662-0B96-4A28-BEB9-B3383A33E910}.Debug|x86.Deploy.0 = Development
		{8C46E662-0B96-4A28-BEB9-B3383A33E910}.DebugNet40|Any CPU.ActiveCfg = Development
		{8C46E662-0B96-4A28-BEB9-B3383A33E910}.DebugNet40|Any CPU.Build.0 = Development
		{8C46E662-0B96-4A28-BEB9-B3383A33E910}.DebugNet40|Any CPU.Deploy.0 = Development
		{8C46E662-0B96-4A28-BEB9-B3383A33E910}.DebugNet40|Mixed Platforms.ActiveCfg = Development
		{8C46E662-0B96-4A28-BEB9-B3383A33E910}.DebugNet40|Mixed Platforms.Build.0 = Development
		{8C46E662-0B96-4A28-BEB9-B3383A33E910}.DebugNet40|Mixed Platforms.Deploy.0 = Development
		{8C46E662-0B96-4A28-BEB9-B3383A33E910}.DebugNet40|x86.ActiveCfg = Development
		{8C46E662-0B96-4A28-BEB9-B3383A33E910}.DebugNet40|x86.Build.0 = Development
		{8C46E662-0B96-4A28-BEB9-B3383A33E910}.DebugNet40|x86.Deploy.0 = Development
		{8C46E662-0B96-4A28-BEB9-B3383A33E910}.Development|Any CPU.ActiveCfg = Development
		{8C46E662-0B96-4A28-BEB9-B3383A33E910}.Development|Any CPU.Build.0 = Development
		{8C46E662-0B96-4A28-BEB9-B3383A33E910}.Development|Any CPU.Deploy.0 = Development
		{8C46E662-0B96-4A28-BEB9-B3383A33E910}.Development|Mixed Platforms.ActiveCfg = Development
		{8C46E662-0B96-4A28-BEB9-B3383A33E910}.Development|Mixed Platforms.Build.0 = Development
		{8C46E662-0B96-4A28-BEB9-B3383A33E910}.Development|Mixed Platforms.Deploy.0 = Development
		{8C46E662-0B96-4A28-BEB9-B3383A33E910}.Development|x86.ActiveCfg = Development
		{8C46E662-0B96-4A28-BEB9-B3383A33E910}.Development|x86.Build.0 = Development
		{8C46E662-0B96-4A28-BEB9-B3383A33E910}.Development|x86.Deploy.0 = Development
		{8C46E662-0B96-4A28-BEB9-B3383A33E910}.Release|Any CPU.ActiveCfg = Development
		{8C46E662-0B96-4A28-BEB9-B3383A33E910}.Release|Any CPU.Build.0 = Development
		{8C46E662-0B96-4A28-BEB9-B3383A33E910}.Release|Any CPU.Deploy.0 = Development
		{8C46E662-0B96-4A28-BEB9-B3383A33E910}.Release|Mixed Platforms.ActiveCfg = Development
		{8C46E662-0B96-4A28-BEB9-B3383A33E910}.Release|Mixed Platforms.Build.0 = Development
		{8C46E662-0B96-4A28-BEB9-B3383A33E910}.Release|Mixed Platforms.Deploy.0 = Development
		{8C46E662-0B96-4A28-BEB9-B3383A33E910}.Release|x86.ActiveCfg = Development
		{8C46E662-0B96-4A28-BEB9-B3383A33E910}.Release|x86.Build.0 = Development
		{8C46E662-0B96-4A28-BEB9-B3383A33E910}.Release|x86.Deploy.0 = Development
		{8C46E662-0B96-4A28-BEB9-B3383A33E910}.ReleaseNet40|Any CPU.ActiveCfg = Development
		{8C46E662-0B96-4A28-BEB9-B3383A33E910}.ReleaseNet40|Any CPU.Build.0 = Development
		{8C46E662-0B96-4A28-BEB9-B3383A33E910}.ReleaseNet40|Any CPU.Deploy.0 = Development
		{8C46E662-0B96-4A28-BEB9-B3383A33E910}.ReleaseNet40|Mixed Platforms.ActiveCfg = Development
		{8C46E662-0B96-4A28-BEB9-B3383A33E910}.ReleaseNet40|Mixed Platforms.Build.0 = Development
		{8C46E662-0B96-4A28-BEB9-B3383A33E910}.ReleaseNet40|Mixed Platforms.Deploy.0 = Development
		{8C46E662-0B96-4A28-BEB9-B3383A33E910}.ReleaseNet40|x86.ActiveCfg = Development
		{8C46E662-0B96-4A28-BEB9-B3383A33E910}.ReleaseNet40|x86.Build.0 = Development
		{8C46E662-0B96-4A28-BEB9-B3383A33E910}.ReleaseNet40|x86.Deploy.0 = Development
	EndGlobalSection
	GlobalSection(SolutionProperties) = preSolution
		HideSolutionNode = FALSE
	EndGlobalSection
	GlobalSection(NestedProjects) = preSolution
		{7F8856AF-4B5C-4D36-AFD2-C4B76B79F6C8} = {99A67D12-BBD8-44C4-AC9E-405A928BBB58}
		{814EDF0A-5CA4-43AB-AC9D-E54F9B2347D1} = {DA25A4E8-2E77-41DA-89D2-1364D763296E}
		{084880DD-94A5-48EC-A5B8-64C79562AFEE} = {99A67D12-BBD8-44C4-AC9E-405A928BBB58}
		{C1C01693-B9CE-4B85-BCBE-77073C59BBF4} = {814EDF0A-5CA4-43AB-AC9D-E54F9B2347D1}
		{7DEC1D69-172D-46CE-9FC4-17402EAC6C56} = {DA25A4E8-2E77-41DA-89D2-1364D763296E}
		{0B6D6CC6-D614-4ADD-9D7E-3A3AE0031D8F} = {DA25A4E8-2E77-41DA-89D2-1364D763296E}
		{C2765A4C-8535-488C-A494-63DE3553EB63} = {9B858D9A-6C31-4721-A182-47B88D612B2F}
		{BA5C16AD-DBBC-491E-AD2C-0BE3D5BC30CC} = {99A67D12-BBD8-44C4-AC9E-405A928BBB58}
		{59F48ED5-9591-45A2-B2D6-EC461985CE85} = {99A67D12-BBD8-44C4-AC9E-405A928BBB58}
		{42939E33-FC72-459C-9403-B62AB074635E} = {99A67D12-BBD8-44C4-AC9E-405A928BBB58}
		{B28EFE57-32BF-4E40-8808-3CCE4E9DF888} = {99A67D12-BBD8-44C4-AC9E-405A928BBB58}
		{AC400458-A998-4D85-8C2B-5F1194CFDB8A} = {99A67D12-BBD8-44C4-AC9E-405A928BBB58}
		{67CBC824-A49E-4E9B-A947-360F3DFE65C3} = {DA25A4E8-2E77-41DA-89D2-1364D763296E}
		{08B3CC54-2DD7-4F12-BD82-33C81E7581AC} = {99A67D12-BBD8-44C4-AC9E-405A928BBB58}
		{87074EFD-4DB4-4D00-9EEA-02D13D97732C} = {9B858D9A-6C31-4721-A182-47B88D612B2F}
		{CB5F9A00-0006-4EE5-BECE-454022A692E2} = {7F8856AF-4B5C-4D36-AFD2-C4B76B79F6C8}
		{D4B9A58F-F9DA-498D-8423-D00FAE4E1567} = {7F8856AF-4B5C-4D36-AFD2-C4B76B79F6C8}
		{92D48572-D2E5-42B1-AA75-AA91AA82403A} = {9B858D9A-6C31-4721-A182-47B88D612B2F}
		{68923ED6-4FF7-46B2-AF3C-2FB8A248C88E} = {99A67D12-BBD8-44C4-AC9E-405A928BBB58}
		{488A8425-1994-4438-AED3-0C30C0FB1EA8} = {9B858D9A-6C31-4721-A182-47B88D612B2F}
		{ECCED10D-7E4A-4FFE-814D-5090CBCE81BC} = {99A67D12-BBD8-44C4-AC9E-405A928BBB58}
		{317C89C4-9369-459D-B3FF-B47AE0BCD2F3} = {99A67D12-BBD8-44C4-AC9E-405A928BBB58}
		{E70E7603-9840-4EC5-8740-78FBDAE4F79A} = {814EDF0A-5CA4-43AB-AC9D-E54F9B2347D1}
		{2D483363-F682-4556-AC15-914A65F57F7B} = {99A67D12-BBD8-44C4-AC9E-405A928BBB58}
		{5B59EE6B-7D2D-4BFA-AD23-814AC4F4A6AA} = {99A67D12-BBD8-44C4-AC9E-405A928BBB58}
		{8C46E662-0B96-4A28-BEB9-B3383A33E910} = {99A67D12-BBD8-44C4-AC9E-405A928BBB58}
	EndGlobalSection
	GlobalSection(ExtensibilityGlobals) = postSolution
		SolutionGuid = {8B60F477-B6CB-474F-AF87-36573E45A403}
	EndGlobalSection
EndGlobal
