
Microsoft Visual Studio Solution File, Format Version 10.00
# Visual Studio 2008
Project("{D2ABAB84-BF74-430A-B69E-9DC6D40DDA17}") = "ModelExampleCube", "ModelExampleCube.dwproj", "{28E695FF-28B1-42AC-846C-0D9A6BB2C6C8}"
EndProject
Global
	GlobalSection(SolutionConfigurationPlatforms) = preSolution
		Development|Default = Development|Default
	EndGlobalSection
	GlobalSection(ProjectConfigurationPlatforms) = postSolution
		{28E695FF-28B1-42AC-846C-0D9A6BB2C6C8}.Development|Default.ActiveCfg = Development
		{28E695FF-28B1-42AC-846C-0D9A6BB2C6C8}.Development|Default.Build.0 = Development
		{28E695FF-28B1-42AC-846C-0D9A6BB2C6C8}.Development|Default.Deploy.0 = Development
	EndGlobalSection
	GlobalSection(SolutionProperties) = preSolution
		HideSolutionNode = FALSE
	EndGlobalSection
EndGlobal
